
Microsoft Visual Studio Solution File, Format Version 10.00
# Visual Studio 2008
Project("{2150E333-8FDC-42A3-9474-1A3956D46DE8}") = "libraries", "libraries", "{4077DF06-2489-4301-B502-91296BB15CE9}"
	ProjectSection(SolutionItems) = preProject
		HDF5 library README.txt = HDF5 library README.txt
	EndProjectSection
EndProject
Project("{2150E333-8FDC-42A3-9474-1A3956D46DE8}") = "tools", "tools", "{99B68275-8E64-4E5F-8B87-3C93875D04AC}"
EndProject
Project("{2150E333-8FDC-42A3-9474-1A3956D46DE8}") = "test", "test", "{908F4687-A299-442C-98F6-BC0AFEEA5F70}"
EndProject
Project("{2150E333-8FDC-42A3-9474-1A3956D46DE8}") = "external", "external", "{214F8F95-8028-4376-8C0F-FFEB2AB0F5E9}"
	ProjectSection(SolutionItems) = preProject
		external\external libraries README.txt = external\external libraries README.txt
	EndProjectSection
EndProject
Project("{2150E333-8FDC-42A3-9474-1A3956D46DE8}") = "install", "install", "{0168E8C4-4565-4E91-8E2B-110DCBE9F1B3}"
EndProject
Project("{8BC9CEB8-8B4A-11D0-8D11-00A0C91BC942}") = "zlib_dynamic", "external\zlib\zlib_dynamic\zlib_dynamic.vcproj", "{43F60740-91AC-42F7-8E4D-78DE2CCA8F89}"
EndProject
Project("{8BC9CEB8-8B4A-11D0-8D11-00A0C91BC942}") = "zlib_static", "external\zlib\zlib_static\zlib_static.vcproj", "{E1FC6CE1-1745-42E5-98B1-D67782781DED}"
EndProject
Project("{8BC9CEB8-8B4A-11D0-8D11-00A0C91BC942}") = "szip_dynamic", "external\szip\szip_dynamic\szip_dynamic.vcproj", "{2B009DA8-30B2-4DFD-B5A5-B79D64F53EA5}"
EndProject
Project("{8BC9CEB8-8B4A-11D0-8D11-00A0C91BC942}") = "szip_static", "external\szip\szip_static\szip_static.vcproj", "{ADD24BDB-F343-4FB7-81AE-EE1A30B451BF}"
EndProject
Project("{8BC9CEB8-8B4A-11D0-8D11-00A0C91BC942}") = "c_dynamic", "libraries\c_dynamic\c_dynamic.vcproj", "{3E645C7B-5C2B-421A-B8F1-A2F894D0558F}"
	ProjectSection(ProjectDependencies) = postProject
		{6944A026-2A29-481A-962E-3B7D24353F82} = {6944A026-2A29-481A-962E-3B7D24353F82}
		{43F60740-91AC-42F7-8E4D-78DE2CCA8F89} = {43F60740-91AC-42F7-8E4D-78DE2CCA8F89}
		{2B009DA8-30B2-4DFD-B5A5-B79D64F53EA5} = {2B009DA8-30B2-4DFD-B5A5-B79D64F53EA5}
		{AD09A9EB-86AE-4C8A-8FF7-7DCCFE6048F1} = {AD09A9EB-86AE-4C8A-8FF7-7DCCFE6048F1}
	EndProjectSection
EndProject
Project("{8BC9CEB8-8B4A-11D0-8D11-00A0C91BC942}") = "c_static", "libraries\c_static\c_static.vcproj", "{9A7F1EFC-464E-4E37-8714-D7201825D796}"
	ProjectSection(ProjectDependencies) = postProject
		{6944A026-2A29-481A-962E-3B7D24353F82} = {6944A026-2A29-481A-962E-3B7D24353F82}
		{ADD24BDB-F343-4FB7-81AE-EE1A30B451BF} = {ADD24BDB-F343-4FB7-81AE-EE1A30B451BF}
		{E1FC6CE1-1745-42E5-98B1-D67782781DED} = {E1FC6CE1-1745-42E5-98B1-D67782781DED}
		{AD09A9EB-86AE-4C8A-8FF7-7DCCFE6048F1} = {AD09A9EB-86AE-4C8A-8FF7-7DCCFE6048F1}
	EndProjectSection
EndProject
Project("{8BC9CEB8-8B4A-11D0-8D11-00A0C91BC942}") = "H5detect", "tools\H5detect\H5detect.vcproj", "{AD09A9EB-86AE-4C8A-8FF7-7DCCFE6048F1}"
EndProject
Project("{8BC9CEB8-8B4A-11D0-8D11-00A0C91BC942}") = "H5make_libsettings", "tools\H5make_libsettings\H5make_libsettings.vcproj", "{6944A026-2A29-481A-962E-3B7D24353F82}"
EndProject
Project("{8BC9CEB8-8B4A-11D0-8D11-00A0C91BC942}") = "h5dump", "tools\h5dump\h5dump.vcproj", "{3FC5C059-E389-440C-9980-69868F6AE90F}"
	ProjectSection(ProjectDependencies) = postProject
		{2FC51F1F-8371-4656-97B9-BE5D4ECCB264} = {2FC51F1F-8371-4656-97B9-BE5D4ECCB264}
		{9A7F1EFC-464E-4E37-8714-D7201825D796} = {9A7F1EFC-464E-4E37-8714-D7201825D796}
	EndProjectSection
EndProject
Project("{8BC9CEB8-8B4A-11D0-8D11-00A0C91BC942}") = "c_tools_static", "libraries\c_tools_static\c_tools_static.vcproj", "{2FC51F1F-8371-4656-97B9-BE5D4ECCB264}"
	ProjectSection(ProjectDependencies) = postProject
		{9A7F1EFC-464E-4E37-8714-D7201825D796} = {9A7F1EFC-464E-4E37-8714-D7201825D796}
	EndProjectSection
EndProject
Project("{8BC9CEB8-8B4A-11D0-8D11-00A0C91BC942}") = "h5copy", "tools\h5copy\h5copy.vcproj", "{C954E8CE-14C3-4C1E-BB0A-9BCBDE2BCC4B}"
	ProjectSection(ProjectDependencies) = postProject
		{2FC51F1F-8371-4656-97B9-BE5D4ECCB264} = {2FC51F1F-8371-4656-97B9-BE5D4ECCB264}
		{9A7F1EFC-464E-4E37-8714-D7201825D796} = {9A7F1EFC-464E-4E37-8714-D7201825D796}
	EndProjectSection
EndProject
Project("{8BC9CEB8-8B4A-11D0-8D11-00A0C91BC942}") = "h5diff", "tools\h5diff\h5diff.vcproj", "{E3CA68F1-454F-49B5-8FC3-9ACA362D5A3D}"
	ProjectSection(ProjectDependencies) = postProject
		{2FC51F1F-8371-4656-97B9-BE5D4ECCB264} = {2FC51F1F-8371-4656-97B9-BE5D4ECCB264}
		{9A7F1EFC-464E-4E37-8714-D7201825D796} = {9A7F1EFC-464E-4E37-8714-D7201825D796}
	EndProjectSection
EndProject
Project("{8BC9CEB8-8B4A-11D0-8D11-00A0C91BC942}") = "h5import", "tools\h5import\h5import.vcproj", "{F978C891-92E5-4576-B8F3-510638038FC1}"
	ProjectSection(ProjectDependencies) = postProject
		{2FC51F1F-8371-4656-97B9-BE5D4ECCB264} = {2FC51F1F-8371-4656-97B9-BE5D4ECCB264}
		{9A7F1EFC-464E-4E37-8714-D7201825D796} = {9A7F1EFC-464E-4E37-8714-D7201825D796}
	EndProjectSection
EndProject
Project("{8BC9CEB8-8B4A-11D0-8D11-00A0C91BC942}") = "h5jam", "tools\h5jam\h5jam.vcproj", "{0F84BF62-50BA-4240-9D27-0A6D7B60C80C}"
	ProjectSection(ProjectDependencies) = postProject
		{2FC51F1F-8371-4656-97B9-BE5D4ECCB264} = {2FC51F1F-8371-4656-97B9-BE5D4ECCB264}
		{9A7F1EFC-464E-4E37-8714-D7201825D796} = {9A7F1EFC-464E-4E37-8714-D7201825D796}
	EndProjectSection
EndProject
Project("{8BC9CEB8-8B4A-11D0-8D11-00A0C91BC942}") = "h5repack", "tools\h5repack\h5repack.vcproj", "{98A5C8DF-469D-44AB-BA1B-7415749E8D49}"
	ProjectSection(ProjectDependencies) = postProject
		{2FC51F1F-8371-4656-97B9-BE5D4ECCB264} = {2FC51F1F-8371-4656-97B9-BE5D4ECCB264}
		{9A7F1EFC-464E-4E37-8714-D7201825D796} = {9A7F1EFC-464E-4E37-8714-D7201825D796}
	EndProjectSection
EndProject
Project("{8BC9CEB8-8B4A-11D0-8D11-00A0C91BC942}") = "h5stat", "tools\h5stat\h5stat.vcproj", "{751B7685-F0FC-48A9-A394-C17BAA65D996}"
	ProjectSection(ProjectDependencies) = postProject
		{2FC51F1F-8371-4656-97B9-BE5D4ECCB264} = {2FC51F1F-8371-4656-97B9-BE5D4ECCB264}
		{9A7F1EFC-464E-4E37-8714-D7201825D796} = {9A7F1EFC-464E-4E37-8714-D7201825D796}
	EndProjectSection
EndProject
Project("{8BC9CEB8-8B4A-11D0-8D11-00A0C91BC942}") = "h5repart", "tools\h5repart\h5repart.vcproj", "{DCCA8AD3-0E75-4991-842D-DE20BC4BF48C}"
	ProjectSection(ProjectDependencies) = postProject
		{2FC51F1F-8371-4656-97B9-BE5D4ECCB264} = {2FC51F1F-8371-4656-97B9-BE5D4ECCB264}
		{9A7F1EFC-464E-4E37-8714-D7201825D796} = {9A7F1EFC-464E-4E37-8714-D7201825D796}
	EndProjectSection
EndProject
Project("{8BC9CEB8-8B4A-11D0-8D11-00A0C91BC942}") = "h5debug", "tools\h5debug\h5debug.vcproj", "{5D0B3E24-CC90-435A-8F1A-9D4D4DD47CAD}"
	ProjectSection(ProjectDependencies) = postProject
		{2FC51F1F-8371-4656-97B9-BE5D4ECCB264} = {2FC51F1F-8371-4656-97B9-BE5D4ECCB264}
		{9A7F1EFC-464E-4E37-8714-D7201825D796} = {9A7F1EFC-464E-4E37-8714-D7201825D796}
	EndProjectSection
EndProject
Project("{8BC9CEB8-8B4A-11D0-8D11-00A0C91BC942}") = "h5ls", "tools\h5ls\h5ls.vcproj", "{C0194DA2-BB0A-419B-8DB6-2CB07B01B244}"
	ProjectSection(ProjectDependencies) = postProject
		{2FC51F1F-8371-4656-97B9-BE5D4ECCB264} = {2FC51F1F-8371-4656-97B9-BE5D4ECCB264}
		{9A7F1EFC-464E-4E37-8714-D7201825D796} = {9A7F1EFC-464E-4E37-8714-D7201825D796}
	EndProjectSection
EndProject
Project("{8BC9CEB8-8B4A-11D0-8D11-00A0C91BC942}") = "h5mkgrp", "tools\h5mkgrp\h5mkgrp.vcproj", "{E11CF994-3A96-43CB-BB30-35CEF915CE18}"
	ProjectSection(ProjectDependencies) = postProject
		{2FC51F1F-8371-4656-97B9-BE5D4ECCB264} = {2FC51F1F-8371-4656-97B9-BE5D4ECCB264}
		{9A7F1EFC-464E-4E37-8714-D7201825D796} = {9A7F1EFC-464E-4E37-8714-D7201825D796}
	EndProjectSection
EndProject
Project("{8BC9CEB8-8B4A-11D0-8D11-00A0C91BC942}") = "h5unjam", "tools\h5unjam\h5unjam.vcproj", "{FEDB5089-B3AC-464A-98FB-1EB8F63FBFC9}"
	ProjectSection(ProjectDependencies) = postProject
		{2FC51F1F-8371-4656-97B9-BE5D4ECCB264} = {2FC51F1F-8371-4656-97B9-BE5D4ECCB264}
		{9A7F1EFC-464E-4E37-8714-D7201825D796} = {9A7F1EFC-464E-4E37-8714-D7201825D796}
	EndProjectSection
EndProject
Project("{8BC9CEB8-8B4A-11D0-8D11-00A0C91BC942}") = "set_extent", "test\set_extent\set_extent.vcproj", "{8CEB5704-9C4F-496E-885B-59588A70DC7C}"
	ProjectSection(ProjectDependencies) = postProject
		{6620E1A0-AFA1-46C1-A4D9-3962FAE83149} = {6620E1A0-AFA1-46C1-A4D9-3962FAE83149}
		{9A7F1EFC-464E-4E37-8714-D7201825D796} = {9A7F1EFC-464E-4E37-8714-D7201825D796}
	EndProjectSection
EndProject
Project("{8BC9CEB8-8B4A-11D0-8D11-00A0C91BC942}") = "c_test_static", "libraries\c_test_static\c_test_static.vcproj", "{6620E1A0-AFA1-46C1-A4D9-3962FAE83149}"
EndProject
Project("{8BC9CEB8-8B4A-11D0-8D11-00A0C91BC942}") = "app_ref", "test\app_ref\app_ref.vcproj", "{EF9F6D49-9D07-4E24-92CE-DED8B2EFAA6A}"
	ProjectSection(ProjectDependencies) = postProject
		{6620E1A0-AFA1-46C1-A4D9-3962FAE83149} = {6620E1A0-AFA1-46C1-A4D9-3962FAE83149}
		{9A7F1EFC-464E-4E37-8714-D7201825D796} = {9A7F1EFC-464E-4E37-8714-D7201825D796}
	EndProjectSection
EndProject
Project("{8BC9CEB8-8B4A-11D0-8D11-00A0C91BC942}") = "big", "test\big\big.vcproj", "{67A3A397-24BE-422E-BFF0-12AABEC80A49}"
	ProjectSection(ProjectDependencies) = postProject
		{6620E1A0-AFA1-46C1-A4D9-3962FAE83149} = {6620E1A0-AFA1-46C1-A4D9-3962FAE83149}
		{9A7F1EFC-464E-4E37-8714-D7201825D796} = {9A7F1EFC-464E-4E37-8714-D7201825D796}
	EndProjectSection
EndProject
Project("{8BC9CEB8-8B4A-11D0-8D11-00A0C91BC942}") = "bittests", "test\bittests\bittests.vcproj", "{AB7F8963-8296-4F59-AEC0-2F447735B046}"
	ProjectSection(ProjectDependencies) = postProject
		{6620E1A0-AFA1-46C1-A4D9-3962FAE83149} = {6620E1A0-AFA1-46C1-A4D9-3962FAE83149}
		{9A7F1EFC-464E-4E37-8714-D7201825D796} = {9A7F1EFC-464E-4E37-8714-D7201825D796}
	EndProjectSection
EndProject
Project("{8BC9CEB8-8B4A-11D0-8D11-00A0C91BC942}") = "btree2", "test\btree2\btree2.vcproj", "{601C44ED-0846-4953-B8E0-0E1D19C79F8B}"
	ProjectSection(ProjectDependencies) = postProject
		{6620E1A0-AFA1-46C1-A4D9-3962FAE83149} = {6620E1A0-AFA1-46C1-A4D9-3962FAE83149}
		{9A7F1EFC-464E-4E37-8714-D7201825D796} = {9A7F1EFC-464E-4E37-8714-D7201825D796}
	EndProjectSection
EndProject
Project("{8BC9CEB8-8B4A-11D0-8D11-00A0C91BC942}") = "cache", "test\cache\cache.vcproj", "{779ADCAE-0D80-4CC5-8066-5D20C8E6A638}"
	ProjectSection(ProjectDependencies) = postProject
		{6620E1A0-AFA1-46C1-A4D9-3962FAE83149} = {6620E1A0-AFA1-46C1-A4D9-3962FAE83149}
		{9A7F1EFC-464E-4E37-8714-D7201825D796} = {9A7F1EFC-464E-4E37-8714-D7201825D796}
	EndProjectSection
EndProject
Project("{8BC9CEB8-8B4A-11D0-8D11-00A0C91BC942}") = "cache_api", "test\cache_api\cache_api.vcproj", "{23A596E0-8B56-4E03-ADFA-FFBEDA78B5D1}"
	ProjectSection(ProjectDependencies) = postProject
		{6620E1A0-AFA1-46C1-A4D9-3962FAE83149} = {6620E1A0-AFA1-46C1-A4D9-3962FAE83149}
		{9A7F1EFC-464E-4E37-8714-D7201825D796} = {9A7F1EFC-464E-4E37-8714-D7201825D796}
	EndProjectSection
EndProject
Project("{8BC9CEB8-8B4A-11D0-8D11-00A0C91BC942}") = "chunk", "test\chunk\chunk.vcproj", "{E8BB3F1D-FFAF-4A3D-961C-F58F4857F736}"
	ProjectSection(ProjectDependencies) = postProject
		{6620E1A0-AFA1-46C1-A4D9-3962FAE83149} = {6620E1A0-AFA1-46C1-A4D9-3962FAE83149}
		{9A7F1EFC-464E-4E37-8714-D7201825D796} = {9A7F1EFC-464E-4E37-8714-D7201825D796}
	EndProjectSection
EndProject
Project("{8BC9CEB8-8B4A-11D0-8D11-00A0C91BC942}") = "chunk_info", "test\chunk_info\chunk_info.vcproj", "{DDEB2273-111E-48FA-BAD3-D48CAB6CFCC9}"
	ProjectSection(ProjectDependencies) = postProject
		{6620E1A0-AFA1-46C1-A4D9-3962FAE83149} = {6620E1A0-AFA1-46C1-A4D9-3962FAE83149}
		{9A7F1EFC-464E-4E37-8714-D7201825D796} = {9A7F1EFC-464E-4E37-8714-D7201825D796}
	EndProjectSection
EndProject
Project("{8BC9CEB8-8B4A-11D0-8D11-00A0C91BC942}") = "cmpd_dset", "test\cmpd_dset\cmpd_dset.vcproj", "{C322DE32-5B9C-48E2-A545-B00F43A2667C}"
	ProjectSection(ProjectDependencies) = postProject
		{6620E1A0-AFA1-46C1-A4D9-3962FAE83149} = {6620E1A0-AFA1-46C1-A4D9-3962FAE83149}
		{9A7F1EFC-464E-4E37-8714-D7201825D796} = {9A7F1EFC-464E-4E37-8714-D7201825D796}
	EndProjectSection
EndProject
Project("{8BC9CEB8-8B4A-11D0-8D11-00A0C91BC942}") = "cross_read", "test\cross_read\cross_read.vcproj", "{9127565C-6510-4BC1-8784-B27EDE003313}"
	ProjectSection(ProjectDependencies) = postProject
		{6620E1A0-AFA1-46C1-A4D9-3962FAE83149} = {6620E1A0-AFA1-46C1-A4D9-3962FAE83149}
		{9A7F1EFC-464E-4E37-8714-D7201825D796} = {9A7F1EFC-464E-4E37-8714-D7201825D796}
	EndProjectSection
EndProject
Project("{8BC9CEB8-8B4A-11D0-8D11-00A0C91BC942}") = "dangle", "test\dangle\dangle.vcproj", "{540DF823-1799-4AB4-8A91-D7A9192587DA}"
	ProjectSection(ProjectDependencies) = postProject
		{6620E1A0-AFA1-46C1-A4D9-3962FAE83149} = {6620E1A0-AFA1-46C1-A4D9-3962FAE83149}
		{9A7F1EFC-464E-4E37-8714-D7201825D796} = {9A7F1EFC-464E-4E37-8714-D7201825D796}
	EndProjectSection
EndProject
Project("{8BC9CEB8-8B4A-11D0-8D11-00A0C91BC942}") = "dsets", "test\dsets\dsets.vcproj", "{70664988-8DAE-4269-976C-9765C2C30E47}"
	ProjectSection(ProjectDependencies) = postProject
		{6620E1A0-AFA1-46C1-A4D9-3962FAE83149} = {6620E1A0-AFA1-46C1-A4D9-3962FAE83149}
		{9A7F1EFC-464E-4E37-8714-D7201825D796} = {9A7F1EFC-464E-4E37-8714-D7201825D796}
	EndProjectSection
EndProject
Project("{8BC9CEB8-8B4A-11D0-8D11-00A0C91BC942}") = "dt_arith", "test\dt_arith\dt_arith.vcproj", "{6BD32C6F-D039-44F1-AB14-E201339C104D}"
	ProjectSection(ProjectDependencies) = postProject
		{6620E1A0-AFA1-46C1-A4D9-3962FAE83149} = {6620E1A0-AFA1-46C1-A4D9-3962FAE83149}
		{9A7F1EFC-464E-4E37-8714-D7201825D796} = {9A7F1EFC-464E-4E37-8714-D7201825D796}
	EndProjectSection
EndProject
Project("{8BC9CEB8-8B4A-11D0-8D11-00A0C91BC942}") = "dtransform", "test\dtransform\dtransform.vcproj", "{E71E3785-440B-44E0-AE1B-507724419D8B}"
	ProjectSection(ProjectDependencies) = postProject
		{6620E1A0-AFA1-46C1-A4D9-3962FAE83149} = {6620E1A0-AFA1-46C1-A4D9-3962FAE83149}
		{9A7F1EFC-464E-4E37-8714-D7201825D796} = {9A7F1EFC-464E-4E37-8714-D7201825D796}
	EndProjectSection
EndProject
Project("{8BC9CEB8-8B4A-11D0-8D11-00A0C91BC942}") = "dtypes", "test\dtypes\dtypes.vcproj", "{6370D819-C441-4181-AE95-2C534C4A4C38}"
	ProjectSection(ProjectDependencies) = postProject
		{6620E1A0-AFA1-46C1-A4D9-3962FAE83149} = {6620E1A0-AFA1-46C1-A4D9-3962FAE83149}
		{9A7F1EFC-464E-4E37-8714-D7201825D796} = {9A7F1EFC-464E-4E37-8714-D7201825D796}
	EndProjectSection
EndProject
Project("{8BC9CEB8-8B4A-11D0-8D11-00A0C91BC942}") = "vfd", "test\vfd\vfd.vcproj", "{3D14F1E5-DA8D-48A6-A56E-E1FA24CB0F89}"
	ProjectSection(ProjectDependencies) = postProject
		{6620E1A0-AFA1-46C1-A4D9-3962FAE83149} = {6620E1A0-AFA1-46C1-A4D9-3962FAE83149}
		{9A7F1EFC-464E-4E37-8714-D7201825D796} = {9A7F1EFC-464E-4E37-8714-D7201825D796}
	EndProjectSection
EndProject
Project("{8BC9CEB8-8B4A-11D0-8D11-00A0C91BC942}") = "earray", "test\earray\earray.vcproj", "{BCDD4DD0-1907-45DF-B505-875E448F18E7}"
	ProjectSection(ProjectDependencies) = postProject
		{6620E1A0-AFA1-46C1-A4D9-3962FAE83149} = {6620E1A0-AFA1-46C1-A4D9-3962FAE83149}
		{9A7F1EFC-464E-4E37-8714-D7201825D796} = {9A7F1EFC-464E-4E37-8714-D7201825D796}
	EndProjectSection
EndProject
Project("{8BC9CEB8-8B4A-11D0-8D11-00A0C91BC942}") = "efc", "test\efc\efc.vcproj", "{6EDDBAB8-056B-4189-87BD-F3F2E33AB421}"
	ProjectSection(ProjectDependencies) = postProject
		{6620E1A0-AFA1-46C1-A4D9-3962FAE83149} = {6620E1A0-AFA1-46C1-A4D9-3962FAE83149}
		{9A7F1EFC-464E-4E37-8714-D7201825D796} = {9A7F1EFC-464E-4E37-8714-D7201825D796}
	EndProjectSection
EndProject
Project("{8BC9CEB8-8B4A-11D0-8D11-00A0C91BC942}") = "enum", "test\enum\enum.vcproj", "{62DF592F-52FA-4354-97F2-230035D1B965}"
	ProjectSection(ProjectDependencies) = postProject
		{6620E1A0-AFA1-46C1-A4D9-3962FAE83149} = {6620E1A0-AFA1-46C1-A4D9-3962FAE83149}
		{9A7F1EFC-464E-4E37-8714-D7201825D796} = {9A7F1EFC-464E-4E37-8714-D7201825D796}
	EndProjectSection
EndProject
Project("{8BC9CEB8-8B4A-11D0-8D11-00A0C91BC942}") = "unlink", "test\unlink\unlink.vcproj", "{FC1A85B2-26B0-4954-A9D4-F30F41740DA1}"
	ProjectSection(ProjectDependencies) = postProject
		{6620E1A0-AFA1-46C1-A4D9-3962FAE83149} = {6620E1A0-AFA1-46C1-A4D9-3962FAE83149}
		{9A7F1EFC-464E-4E37-8714-D7201825D796} = {9A7F1EFC-464E-4E37-8714-D7201825D796}
	EndProjectSection
EndProject
Project("{8BC9CEB8-8B4A-11D0-8D11-00A0C91BC942}") = "err_compat", "test\err_compat\err_compat.vcproj", "{4FE29116-061D-4C47-8901-82D7FDF82FDD}"
	ProjectSection(ProjectDependencies) = postProject
		{6620E1A0-AFA1-46C1-A4D9-3962FAE83149} = {6620E1A0-AFA1-46C1-A4D9-3962FAE83149}
		{9A7F1EFC-464E-4E37-8714-D7201825D796} = {9A7F1EFC-464E-4E37-8714-D7201825D796}
	EndProjectSection
EndProject
Project("{8BC9CEB8-8B4A-11D0-8D11-00A0C91BC942}") = "error_test", "test\error_test\error_test.vcproj", "{37D9AC6A-CA66-4EAB-BA6B-0BA4C7E9996C}"
	ProjectSection(ProjectDependencies) = postProject
		{6620E1A0-AFA1-46C1-A4D9-3962FAE83149} = {6620E1A0-AFA1-46C1-A4D9-3962FAE83149}
		{9A7F1EFC-464E-4E37-8714-D7201825D796} = {9A7F1EFC-464E-4E37-8714-D7201825D796}
	EndProjectSection
EndProject
Project("{8BC9CEB8-8B4A-11D0-8D11-00A0C91BC942}") = "extend", "test\extend\extend.vcproj", "{04B9D6AF-CD61-4CA2-AD2D-B076F22C942A}"
	ProjectSection(ProjectDependencies) = postProject
		{6620E1A0-AFA1-46C1-A4D9-3962FAE83149} = {6620E1A0-AFA1-46C1-A4D9-3962FAE83149}
		{9A7F1EFC-464E-4E37-8714-D7201825D796} = {9A7F1EFC-464E-4E37-8714-D7201825D796}
	EndProjectSection
EndProject
Project("{8BC9CEB8-8B4A-11D0-8D11-00A0C91BC942}") = "external", "test\external\external.vcproj", "{E098EBE3-7CE0-4F6E-8CA3-7518133CF241}"
	ProjectSection(ProjectDependencies) = postProject
		{6620E1A0-AFA1-46C1-A4D9-3962FAE83149} = {6620E1A0-AFA1-46C1-A4D9-3962FAE83149}
		{9A7F1EFC-464E-4E37-8714-D7201825D796} = {9A7F1EFC-464E-4E37-8714-D7201825D796}
	EndProjectSection
EndProject
Project("{8BC9CEB8-8B4A-11D0-8D11-00A0C91BC942}") = "farray", "test\farray\farray.vcproj", "{4C2B9A6A-FEFC-40D0-A025-B915115769B2}"
	ProjectSection(ProjectDependencies) = postProject
		{2FC51F1F-8371-4656-97B9-BE5D4ECCB264} = {2FC51F1F-8371-4656-97B9-BE5D4ECCB264}
		{6620E1A0-AFA1-46C1-A4D9-3962FAE83149} = {6620E1A0-AFA1-46C1-A4D9-3962FAE83149}
	EndProjectSection
EndProject
Project("{8BC9CEB8-8B4A-11D0-8D11-00A0C91BC942}") = "fheap", "test\fheap\fheap.vcproj", "{9C4349B1-9657-4DA9-B60E-2DAE00FB9F0D}"
	ProjectSection(ProjectDependencies) = postProject
		{6620E1A0-AFA1-46C1-A4D9-3962FAE83149} = {6620E1A0-AFA1-46C1-A4D9-3962FAE83149}
		{9A7F1EFC-464E-4E37-8714-D7201825D796} = {9A7F1EFC-464E-4E37-8714-D7201825D796}
	EndProjectSection
EndProject
Project("{8BC9CEB8-8B4A-11D0-8D11-00A0C91BC942}") = "fillval", "test\fillval\fillval.vcproj", "{D8F24A4A-CBB1-4645-82B7-318521209A8C}"
	ProjectSection(ProjectDependencies) = postProject
		{6620E1A0-AFA1-46C1-A4D9-3962FAE83149} = {6620E1A0-AFA1-46C1-A4D9-3962FAE83149}
		{9A7F1EFC-464E-4E37-8714-D7201825D796} = {9A7F1EFC-464E-4E37-8714-D7201825D796}
	EndProjectSection
EndProject
Project("{8BC9CEB8-8B4A-11D0-8D11-00A0C91BC942}") = "flush1", "test\flush1\flush1.vcproj", "{9C2F1CD4-8595-415A-98E4-56207DC5B8E7}"
	ProjectSection(ProjectDependencies) = postProject
		{6620E1A0-AFA1-46C1-A4D9-3962FAE83149} = {6620E1A0-AFA1-46C1-A4D9-3962FAE83149}
		{9A7F1EFC-464E-4E37-8714-D7201825D796} = {9A7F1EFC-464E-4E37-8714-D7201825D796}
	EndProjectSection
EndProject
Project("{8BC9CEB8-8B4A-11D0-8D11-00A0C91BC942}") = "flush2", "test\flush2\flush2.vcproj", "{18A3C14C-B66D-40EB-A1E5-219ACC197B24}"
	ProjectSection(ProjectDependencies) = postProject
		{6620E1A0-AFA1-46C1-A4D9-3962FAE83149} = {6620E1A0-AFA1-46C1-A4D9-3962FAE83149}
		{9A7F1EFC-464E-4E37-8714-D7201825D796} = {9A7F1EFC-464E-4E37-8714-D7201825D796}
	EndProjectSection
EndProject
Project("{8BC9CEB8-8B4A-11D0-8D11-00A0C91BC942}") = "freespace", "test\freespace\freespace.vcproj", "{98856CEB-B0C9-4B63-B02E-8A0E1B31CB60}"
	ProjectSection(ProjectDependencies) = postProject
		{6620E1A0-AFA1-46C1-A4D9-3962FAE83149} = {6620E1A0-AFA1-46C1-A4D9-3962FAE83149}
		{9A7F1EFC-464E-4E37-8714-D7201825D796} = {9A7F1EFC-464E-4E37-8714-D7201825D796}
	EndProjectSection
EndProject
Project("{8BC9CEB8-8B4A-11D0-8D11-00A0C91BC942}") = "getname", "test\getname\getname.vcproj", "{3C395B04-6D3C-41C3-9B6C-184A086089E5}"
	ProjectSection(ProjectDependencies) = postProject
		{6620E1A0-AFA1-46C1-A4D9-3962FAE83149} = {6620E1A0-AFA1-46C1-A4D9-3962FAE83149}
		{9A7F1EFC-464E-4E37-8714-D7201825D796} = {9A7F1EFC-464E-4E37-8714-D7201825D796}
	EndProjectSection
EndProject
Project("{8BC9CEB8-8B4A-11D0-8D11-00A0C91BC942}") = "gheap", "test\gheap\gheap.vcproj", "{955CA7B3-7C61-436D-AD9E-DAACED959B2C}"
	ProjectSection(ProjectDependencies) = postProject
		{6620E1A0-AFA1-46C1-A4D9-3962FAE83149} = {6620E1A0-AFA1-46C1-A4D9-3962FAE83149}
		{9A7F1EFC-464E-4E37-8714-D7201825D796} = {9A7F1EFC-464E-4E37-8714-D7201825D796}
	EndProjectSection
EndProject
Project("{8BC9CEB8-8B4A-11D0-8D11-00A0C91BC942}") = "hyperslab", "test\hyperslab\hyperslab.vcproj", "{208B35EF-0DCD-430F-81D6-91F56E0543EC}"
	ProjectSection(ProjectDependencies) = postProject
		{6620E1A0-AFA1-46C1-A4D9-3962FAE83149} = {6620E1A0-AFA1-46C1-A4D9-3962FAE83149}
		{9A7F1EFC-464E-4E37-8714-D7201825D796} = {9A7F1EFC-464E-4E37-8714-D7201825D796}
	EndProjectSection
EndProject
Project("{8BC9CEB8-8B4A-11D0-8D11-00A0C91BC942}") = "iopipe", "test\iopipe\iopipe.vcproj", "{37647DF8-FFA9-4DD8-91E0-CE14C24C4F21}"
	ProjectSection(ProjectDependencies) = postProject
		{6620E1A0-AFA1-46C1-A4D9-3962FAE83149} = {6620E1A0-AFA1-46C1-A4D9-3962FAE83149}
		{9A7F1EFC-464E-4E37-8714-D7201825D796} = {9A7F1EFC-464E-4E37-8714-D7201825D796}
	EndProjectSection
EndProject
Project("{8BC9CEB8-8B4A-11D0-8D11-00A0C91BC942}") = "istore", "test\istore\istore.vcproj", "{E7DACABA-E568-47A0-95BC-AB3B43ADC2EF}"
	ProjectSection(ProjectDependencies) = postProject
		{6620E1A0-AFA1-46C1-A4D9-3962FAE83149} = {6620E1A0-AFA1-46C1-A4D9-3962FAE83149}
		{9A7F1EFC-464E-4E37-8714-D7201825D796} = {9A7F1EFC-464E-4E37-8714-D7201825D796}
	EndProjectSection
EndProject
Project("{8BC9CEB8-8B4A-11D0-8D11-00A0C91BC942}") = "lheap", "test\lheap\lheap.vcproj", "{0DE9C6EC-64A8-43D2-B67E-1D7E5293F59E}"
	ProjectSection(ProjectDependencies) = postProject
		{6620E1A0-AFA1-46C1-A4D9-3962FAE83149} = {6620E1A0-AFA1-46C1-A4D9-3962FAE83149}
		{9A7F1EFC-464E-4E37-8714-D7201825D796} = {9A7F1EFC-464E-4E37-8714-D7201825D796}
	EndProjectSection
EndProject
Project("{8BC9CEB8-8B4A-11D0-8D11-00A0C91BC942}") = "stab", "test\stab\stab.vcproj", "{D59AFE18-87AC-4122-9228-DCAF777767A3}"
	ProjectSection(ProjectDependencies) = postProject
		{6620E1A0-AFA1-46C1-A4D9-3962FAE83149} = {6620E1A0-AFA1-46C1-A4D9-3962FAE83149}
		{9A7F1EFC-464E-4E37-8714-D7201825D796} = {9A7F1EFC-464E-4E37-8714-D7201825D796}
	EndProjectSection
EndProject
Project("{8BC9CEB8-8B4A-11D0-8D11-00A0C91BC942}") = "reserved", "test\reserved\reserved.vcproj", "{2CED9244-1305-46BD-9CB4-E4238CDF541F}"
	ProjectSection(ProjectDependencies) = postProject
		{6620E1A0-AFA1-46C1-A4D9-3962FAE83149} = {6620E1A0-AFA1-46C1-A4D9-3962FAE83149}
		{9A7F1EFC-464E-4E37-8714-D7201825D796} = {9A7F1EFC-464E-4E37-8714-D7201825D796}
	EndProjectSection
EndProject
Project("{8BC9CEB8-8B4A-11D0-8D11-00A0C91BC942}") = "pool", "test\pool\pool.vcproj", "{B4AC45F5-5AB9-4FA5-815B-05B69C9CECCB}"
	ProjectSection(ProjectDependencies) = postProject
		{6620E1A0-AFA1-46C1-A4D9-3962FAE83149} = {6620E1A0-AFA1-46C1-A4D9-3962FAE83149}
		{9A7F1EFC-464E-4E37-8714-D7201825D796} = {9A7F1EFC-464E-4E37-8714-D7201825D796}
	EndProjectSection
EndProject
Project("{8BC9CEB8-8B4A-11D0-8D11-00A0C91BC942}") = "overhead", "test\overhead\overhead.vcproj", "{B9345A72-2107-487C-B4D7-0C47CA1C871F}"
	ProjectSection(ProjectDependencies) = postProject
		{6620E1A0-AFA1-46C1-A4D9-3962FAE83149} = {6620E1A0-AFA1-46C1-A4D9-3962FAE83149}
		{9A7F1EFC-464E-4E37-8714-D7201825D796} = {9A7F1EFC-464E-4E37-8714-D7201825D796}
	EndProjectSection
EndProject
Project("{8BC9CEB8-8B4A-11D0-8D11-00A0C91BC942}") = "ohdr", "test\ohdr\ohdr.vcproj", "{DCEE61BC-EB86-4318-B1FB-33B11A605FD9}"
	ProjectSection(ProjectDependencies) = postProject
		{6620E1A0-AFA1-46C1-A4D9-3962FAE83149} = {6620E1A0-AFA1-46C1-A4D9-3962FAE83149}
		{9A7F1EFC-464E-4E37-8714-D7201825D796} = {9A7F1EFC-464E-4E37-8714-D7201825D796}
	EndProjectSection
EndProject
Project("{8BC9CEB8-8B4A-11D0-8D11-00A0C91BC942}") = "objcopy", "test\objcopy\objcopy.vcproj", "{1EE1A4E4-E0BF-4393-BDBB-158C8E4E8124}"
	ProjectSection(ProjectDependencies) = postProject
		{6620E1A0-AFA1-46C1-A4D9-3962FAE83149} = {6620E1A0-AFA1-46C1-A4D9-3962FAE83149}
		{9A7F1EFC-464E-4E37-8714-D7201825D796} = {9A7F1EFC-464E-4E37-8714-D7201825D796}
	EndProjectSection
EndProject
Project("{8BC9CEB8-8B4A-11D0-8D11-00A0C91BC942}") = "links", "test\links\links.vcproj", "{FFFAEC96-145B-4F6B-9909-FE25C1513FF3}"
	ProjectSection(ProjectDependencies) = postProject
		{6620E1A0-AFA1-46C1-A4D9-3962FAE83149} = {6620E1A0-AFA1-46C1-A4D9-3962FAE83149}
		{9A7F1EFC-464E-4E37-8714-D7201825D796} = {9A7F1EFC-464E-4E37-8714-D7201825D796}
	EndProjectSection
EndProject
Project("{8BC9CEB8-8B4A-11D0-8D11-00A0C91BC942}") = "mf", "test\mf\mf.vcproj", "{42670943-4290-4F33-83A9-60BDD74CB55C}"
	ProjectSection(ProjectDependencies) = postProject
		{6620E1A0-AFA1-46C1-A4D9-3962FAE83149} = {6620E1A0-AFA1-46C1-A4D9-3962FAE83149}
		{9A7F1EFC-464E-4E37-8714-D7201825D796} = {9A7F1EFC-464E-4E37-8714-D7201825D796}
	EndProjectSection
EndProject
Project("{8BC9CEB8-8B4A-11D0-8D11-00A0C91BC942}") = "mount", "test\mount\mount.vcproj", "{03797D06-4086-4E4C-A623-E36496CFA168}"
	ProjectSection(ProjectDependencies) = postProject
		{6620E1A0-AFA1-46C1-A4D9-3962FAE83149} = {6620E1A0-AFA1-46C1-A4D9-3962FAE83149}
		{9A7F1EFC-464E-4E37-8714-D7201825D796} = {9A7F1EFC-464E-4E37-8714-D7201825D796}
	EndProjectSection
EndProject
Project("{8BC9CEB8-8B4A-11D0-8D11-00A0C91BC942}") = "mtime", "test\mtime\mtime.vcproj", "{FC63B83B-78F8-4B64-993A-257E76EFF29C}"
	ProjectSection(ProjectDependencies) = postProject
		{6620E1A0-AFA1-46C1-A4D9-3962FAE83149} = {6620E1A0-AFA1-46C1-A4D9-3962FAE83149}
		{9A7F1EFC-464E-4E37-8714-D7201825D796} = {9A7F1EFC-464E-4E37-8714-D7201825D796}
	EndProjectSection
EndProject
Project("{8BC9CEB8-8B4A-11D0-8D11-00A0C91BC942}") = "ntypes", "test\ntypes\ntypes.vcproj", "{2406CFE6-745E-40B9-B286-563E6949ABE6}"
	ProjectSection(ProjectDependencies) = postProject
		{6620E1A0-AFA1-46C1-A4D9-3962FAE83149} = {6620E1A0-AFA1-46C1-A4D9-3962FAE83149}
		{9A7F1EFC-464E-4E37-8714-D7201825D796} = {9A7F1EFC-464E-4E37-8714-D7201825D796}
	EndProjectSection
EndProject
Global
	GlobalSection(SolutionConfigurationPlatforms) = preSolution
		Debug|Win32 = Debug|Win32
		Debug|x64 = Debug|x64
		Release|Win32 = Release|Win32
		Release|x64 = Release|x64
	EndGlobalSection
	GlobalSection(ProjectConfigurationPlatforms) = postSolution
		{43F60740-91AC-42F7-8E4D-78DE2CCA8F89}.Debug|Win32.ActiveCfg = Debug|Win32
		{43F60740-91AC-42F7-8E4D-78DE2CCA8F89}.Debug|Win32.Build.0 = Debug|Win32
		{43F60740-91AC-42F7-8E4D-78DE2CCA8F89}.Debug|x64.ActiveCfg = Debug|x64
		{43F60740-91AC-42F7-8E4D-78DE2CCA8F89}.Debug|x64.Build.0 = Debug|x64
		{43F60740-91AC-42F7-8E4D-78DE2CCA8F89}.Release|Win32.ActiveCfg = Release|Win32
		{43F60740-91AC-42F7-8E4D-78DE2CCA8F89}.Release|Win32.Build.0 = Release|Win32
		{43F60740-91AC-42F7-8E4D-78DE2CCA8F89}.Release|x64.ActiveCfg = Release|x64
		{43F60740-91AC-42F7-8E4D-78DE2CCA8F89}.Release|x64.Build.0 = Release|x64
		{E1FC6CE1-1745-42E5-98B1-D67782781DED}.Debug|Win32.ActiveCfg = Debug|Win32
		{E1FC6CE1-1745-42E5-98B1-D67782781DED}.Debug|Win32.Build.0 = Debug|Win32
		{E1FC6CE1-1745-42E5-98B1-D67782781DED}.Debug|x64.ActiveCfg = Debug|x64
		{E1FC6CE1-1745-42E5-98B1-D67782781DED}.Debug|x64.Build.0 = Debug|x64
		{E1FC6CE1-1745-42E5-98B1-D67782781DED}.Release|Win32.ActiveCfg = Release|Win32
		{E1FC6CE1-1745-42E5-98B1-D67782781DED}.Release|Win32.Build.0 = Release|Win32
		{E1FC6CE1-1745-42E5-98B1-D67782781DED}.Release|x64.ActiveCfg = Release|x64
		{E1FC6CE1-1745-42E5-98B1-D67782781DED}.Release|x64.Build.0 = Release|x64
		{2B009DA8-30B2-4DFD-B5A5-B79D64F53EA5}.Debug|Win32.ActiveCfg = Debug|Win32
		{2B009DA8-30B2-4DFD-B5A5-B79D64F53EA5}.Debug|Win32.Build.0 = Debug|Win32
		{2B009DA8-30B2-4DFD-B5A5-B79D64F53EA5}.Debug|x64.ActiveCfg = Debug|x64
		{2B009DA8-30B2-4DFD-B5A5-B79D64F53EA5}.Debug|x64.Build.0 = Debug|x64
		{2B009DA8-30B2-4DFD-B5A5-B79D64F53EA5}.Release|Win32.ActiveCfg = Release|Win32
		{2B009DA8-30B2-4DFD-B5A5-B79D64F53EA5}.Release|Win32.Build.0 = Release|Win32
		{2B009DA8-30B2-4DFD-B5A5-B79D64F53EA5}.Release|x64.ActiveCfg = Release|x64
		{2B009DA8-30B2-4DFD-B5A5-B79D64F53EA5}.Release|x64.Build.0 = Release|x64
		{ADD24BDB-F343-4FB7-81AE-EE1A30B451BF}.Debug|Win32.ActiveCfg = Debug|Win32
		{ADD24BDB-F343-4FB7-81AE-EE1A30B451BF}.Debug|Win32.Build.0 = Debug|Win32
		{ADD24BDB-F343-4FB7-81AE-EE1A30B451BF}.Debug|x64.ActiveCfg = Debug|x64
		{ADD24BDB-F343-4FB7-81AE-EE1A30B451BF}.Debug|x64.Build.0 = Debug|x64
		{ADD24BDB-F343-4FB7-81AE-EE1A30B451BF}.Release|Win32.ActiveCfg = Release|Win32
		{ADD24BDB-F343-4FB7-81AE-EE1A30B451BF}.Release|Win32.Build.0 = Release|Win32
		{ADD24BDB-F343-4FB7-81AE-EE1A30B451BF}.Release|x64.ActiveCfg = Release|x64
		{ADD24BDB-F343-4FB7-81AE-EE1A30B451BF}.Release|x64.Build.0 = Release|x64
		{3E645C7B-5C2B-421A-B8F1-A2F894D0558F}.Debug|Win32.ActiveCfg = Debug|Win32
		{3E645C7B-5C2B-421A-B8F1-A2F894D0558F}.Debug|Win32.Build.0 = Debug|Win32
		{3E645C7B-5C2B-421A-B8F1-A2F894D0558F}.Debug|x64.ActiveCfg = Debug|x64
		{3E645C7B-5C2B-421A-B8F1-A2F894D0558F}.Debug|x64.Build.0 = Debug|x64
		{3E645C7B-5C2B-421A-B8F1-A2F894D0558F}.Release|Win32.ActiveCfg = Release|Win32
		{3E645C7B-5C2B-421A-B8F1-A2F894D0558F}.Release|Win32.Build.0 = Release|Win32
		{3E645C7B-5C2B-421A-B8F1-A2F894D0558F}.Release|x64.ActiveCfg = Release|x64
		{3E645C7B-5C2B-421A-B8F1-A2F894D0558F}.Release|x64.Build.0 = Release|x64
		{9A7F1EFC-464E-4E37-8714-D7201825D796}.Debug|Win32.ActiveCfg = Debug|Win32
		{9A7F1EFC-464E-4E37-8714-D7201825D796}.Debug|Win32.Build.0 = Debug|Win32
		{9A7F1EFC-464E-4E37-8714-D7201825D796}.Debug|x64.ActiveCfg = Debug|x64
		{9A7F1EFC-464E-4E37-8714-D7201825D796}.Debug|x64.Build.0 = Debug|x64
		{9A7F1EFC-464E-4E37-8714-D7201825D796}.Release|Win32.ActiveCfg = Release|Win32
		{9A7F1EFC-464E-4E37-8714-D7201825D796}.Release|Win32.Build.0 = Release|Win32
		{9A7F1EFC-464E-4E37-8714-D7201825D796}.Release|x64.ActiveCfg = Release|x64
		{9A7F1EFC-464E-4E37-8714-D7201825D796}.Release|x64.Build.0 = Release|x64
		{AD09A9EB-86AE-4C8A-8FF7-7DCCFE6048F1}.Debug|Win32.ActiveCfg = Debug|Win32
		{AD09A9EB-86AE-4C8A-8FF7-7DCCFE6048F1}.Debug|Win32.Build.0 = Debug|Win32
		{AD09A9EB-86AE-4C8A-8FF7-7DCCFE6048F1}.Debug|x64.ActiveCfg = Debug|x64
		{AD09A9EB-86AE-4C8A-8FF7-7DCCFE6048F1}.Debug|x64.Build.0 = Debug|x64
		{AD09A9EB-86AE-4C8A-8FF7-7DCCFE6048F1}.Release|Win32.ActiveCfg = Release|Win32
		{AD09A9EB-86AE-4C8A-8FF7-7DCCFE6048F1}.Release|Win32.Build.0 = Release|Win32
		{AD09A9EB-86AE-4C8A-8FF7-7DCCFE6048F1}.Release|x64.ActiveCfg = Release|x64
		{AD09A9EB-86AE-4C8A-8FF7-7DCCFE6048F1}.Release|x64.Build.0 = Release|x64
		{6944A026-2A29-481A-962E-3B7D24353F82}.Debug|Win32.ActiveCfg = Debug|Win32
		{6944A026-2A29-481A-962E-3B7D24353F82}.Debug|Win32.Build.0 = Debug|Win32
		{6944A026-2A29-481A-962E-3B7D24353F82}.Debug|x64.ActiveCfg = Debug|x64
		{6944A026-2A29-481A-962E-3B7D24353F82}.Debug|x64.Build.0 = Debug|x64
		{6944A026-2A29-481A-962E-3B7D24353F82}.Release|Win32.ActiveCfg = Release|Win32
		{6944A026-2A29-481A-962E-3B7D24353F82}.Release|Win32.Build.0 = Release|Win32
		{6944A026-2A29-481A-962E-3B7D24353F82}.Release|x64.ActiveCfg = Release|x64
		{6944A026-2A29-481A-962E-3B7D24353F82}.Release|x64.Build.0 = Release|x64
		{3FC5C059-E389-440C-9980-69868F6AE90F}.Debug|Win32.ActiveCfg = Debug|Win32
		{3FC5C059-E389-440C-9980-69868F6AE90F}.Debug|Win32.Build.0 = Debug|Win32
		{3FC5C059-E389-440C-9980-69868F6AE90F}.Debug|x64.ActiveCfg = Debug|x64
		{3FC5C059-E389-440C-9980-69868F6AE90F}.Debug|x64.Build.0 = Debug|x64
		{3FC5C059-E389-440C-9980-69868F6AE90F}.Release|Win32.ActiveCfg = Release|Win32
		{3FC5C059-E389-440C-9980-69868F6AE90F}.Release|Win32.Build.0 = Release|Win32
		{3FC5C059-E389-440C-9980-69868F6AE90F}.Release|x64.ActiveCfg = Release|x64
		{3FC5C059-E389-440C-9980-69868F6AE90F}.Release|x64.Build.0 = Release|x64
		{2FC51F1F-8371-4656-97B9-BE5D4ECCB264}.Debug|Win32.ActiveCfg = Debug|Win32
		{2FC51F1F-8371-4656-97B9-BE5D4ECCB264}.Debug|Win32.Build.0 = Debug|Win32
		{2FC51F1F-8371-4656-97B9-BE5D4ECCB264}.Debug|x64.ActiveCfg = Debug|x64
		{2FC51F1F-8371-4656-97B9-BE5D4ECCB264}.Debug|x64.Build.0 = Debug|x64
		{2FC51F1F-8371-4656-97B9-BE5D4ECCB264}.Release|Win32.ActiveCfg = Release|Win32
		{2FC51F1F-8371-4656-97B9-BE5D4ECCB264}.Release|Win32.Build.0 = Release|Win32
		{2FC51F1F-8371-4656-97B9-BE5D4ECCB264}.Release|x64.ActiveCfg = Release|x64
		{2FC51F1F-8371-4656-97B9-BE5D4ECCB264}.Release|x64.Build.0 = Release|x64
		{C954E8CE-14C3-4C1E-BB0A-9BCBDE2BCC4B}.Debug|Win32.ActiveCfg = Debug|Win32
		{C954E8CE-14C3-4C1E-BB0A-9BCBDE2BCC4B}.Debug|Win32.Build.0 = Debug|Win32
		{C954E8CE-14C3-4C1E-BB0A-9BCBDE2BCC4B}.Debug|x64.ActiveCfg = Debug|x64
		{C954E8CE-14C3-4C1E-BB0A-9BCBDE2BCC4B}.Debug|x64.Build.0 = Debug|x64
		{C954E8CE-14C3-4C1E-BB0A-9BCBDE2BCC4B}.Release|Win32.ActiveCfg = Release|Win32
		{C954E8CE-14C3-4C1E-BB0A-9BCBDE2BCC4B}.Release|Win32.Build.0 = Release|Win32
		{C954E8CE-14C3-4C1E-BB0A-9BCBDE2BCC4B}.Release|x64.ActiveCfg = Release|x64
		{C954E8CE-14C3-4C1E-BB0A-9BCBDE2BCC4B}.Release|x64.Build.0 = Release|x64
		{E3CA68F1-454F-49B5-8FC3-9ACA362D5A3D}.Debug|Win32.ActiveCfg = Debug|Win32
		{E3CA68F1-454F-49B5-8FC3-9ACA362D5A3D}.Debug|Win32.Build.0 = Debug|Win32
		{E3CA68F1-454F-49B5-8FC3-9ACA362D5A3D}.Debug|x64.ActiveCfg = Debug|x64
		{E3CA68F1-454F-49B5-8FC3-9ACA362D5A3D}.Debug|x64.Build.0 = Debug|x64
		{E3CA68F1-454F-49B5-8FC3-9ACA362D5A3D}.Release|Win32.ActiveCfg = Release|Win32
		{E3CA68F1-454F-49B5-8FC3-9ACA362D5A3D}.Release|Win32.Build.0 = Release|Win32
		{E3CA68F1-454F-49B5-8FC3-9ACA362D5A3D}.Release|x64.ActiveCfg = Release|x64
		{E3CA68F1-454F-49B5-8FC3-9ACA362D5A3D}.Release|x64.Build.0 = Release|x64
		{F978C891-92E5-4576-B8F3-510638038FC1}.Debug|Win32.ActiveCfg = Debug|Win32
		{F978C891-92E5-4576-B8F3-510638038FC1}.Debug|Win32.Build.0 = Debug|Win32
		{F978C891-92E5-4576-B8F3-510638038FC1}.Debug|x64.ActiveCfg = Debug|x64
		{F978C891-92E5-4576-B8F3-510638038FC1}.Debug|x64.Build.0 = Debug|x64
		{F978C891-92E5-4576-B8F3-510638038FC1}.Release|Win32.ActiveCfg = Release|Win32
		{F978C891-92E5-4576-B8F3-510638038FC1}.Release|Win32.Build.0 = Release|Win32
		{F978C891-92E5-4576-B8F3-510638038FC1}.Release|x64.ActiveCfg = Release|x64
		{F978C891-92E5-4576-B8F3-510638038FC1}.Release|x64.Build.0 = Release|x64
		{0F84BF62-50BA-4240-9D27-0A6D7B60C80C}.Debug|Win32.ActiveCfg = Debug|Win32
		{0F84BF62-50BA-4240-9D27-0A6D7B60C80C}.Debug|Win32.Build.0 = Debug|Win32
		{0F84BF62-50BA-4240-9D27-0A6D7B60C80C}.Debug|x64.ActiveCfg = Debug|x64
		{0F84BF62-50BA-4240-9D27-0A6D7B60C80C}.Debug|x64.Build.0 = Debug|x64
		{0F84BF62-50BA-4240-9D27-0A6D7B60C80C}.Release|Win32.ActiveCfg = Release|Win32
		{0F84BF62-50BA-4240-9D27-0A6D7B60C80C}.Release|Win32.Build.0 = Release|Win32
		{0F84BF62-50BA-4240-9D27-0A6D7B60C80C}.Release|x64.ActiveCfg = Release|x64
		{0F84BF62-50BA-4240-9D27-0A6D7B60C80C}.Release|x64.Build.0 = Release|x64
		{98A5C8DF-469D-44AB-BA1B-7415749E8D49}.Debug|Win32.ActiveCfg = Debug|Win32
		{98A5C8DF-469D-44AB-BA1B-7415749E8D49}.Debug|Win32.Build.0 = Debug|Win32
		{98A5C8DF-469D-44AB-BA1B-7415749E8D49}.Debug|x64.ActiveCfg = Debug|x64
		{98A5C8DF-469D-44AB-BA1B-7415749E8D49}.Debug|x64.Build.0 = Debug|x64
		{98A5C8DF-469D-44AB-BA1B-7415749E8D49}.Release|Win32.ActiveCfg = Release|Win32
		{98A5C8DF-469D-44AB-BA1B-7415749E8D49}.Release|Win32.Build.0 = Release|Win32
		{98A5C8DF-469D-44AB-BA1B-7415749E8D49}.Release|x64.ActiveCfg = Release|x64
		{98A5C8DF-469D-44AB-BA1B-7415749E8D49}.Release|x64.Build.0 = Release|x64
		{751B7685-F0FC-48A9-A394-C17BAA65D996}.Debug|Win32.ActiveCfg = Debug|Win32
		{751B7685-F0FC-48A9-A394-C17BAA65D996}.Debug|Win32.Build.0 = Debug|Win32
		{751B7685-F0FC-48A9-A394-C17BAA65D996}.Debug|x64.ActiveCfg = Debug|x64
		{751B7685-F0FC-48A9-A394-C17BAA65D996}.Debug|x64.Build.0 = Debug|x64
		{751B7685-F0FC-48A9-A394-C17BAA65D996}.Release|Win32.ActiveCfg = Release|Win32
		{751B7685-F0FC-48A9-A394-C17BAA65D996}.Release|Win32.Build.0 = Release|Win32
		{751B7685-F0FC-48A9-A394-C17BAA65D996}.Release|x64.ActiveCfg = Release|x64
		{751B7685-F0FC-48A9-A394-C17BAA65D996}.Release|x64.Build.0 = Release|x64
		{DCCA8AD3-0E75-4991-842D-DE20BC4BF48C}.Debug|Win32.ActiveCfg = Debug|Win32
		{DCCA8AD3-0E75-4991-842D-DE20BC4BF48C}.Debug|Win32.Build.0 = Debug|Win32
		{DCCA8AD3-0E75-4991-842D-DE20BC4BF48C}.Debug|x64.ActiveCfg = Debug|x64
		{DCCA8AD3-0E75-4991-842D-DE20BC4BF48C}.Debug|x64.Build.0 = Debug|x64
		{DCCA8AD3-0E75-4991-842D-DE20BC4BF48C}.Release|Win32.ActiveCfg = Release|Win32
		{DCCA8AD3-0E75-4991-842D-DE20BC4BF48C}.Release|Win32.Build.0 = Release|Win32
		{DCCA8AD3-0E75-4991-842D-DE20BC4BF48C}.Release|x64.ActiveCfg = Release|x64
		{DCCA8AD3-0E75-4991-842D-DE20BC4BF48C}.Release|x64.Build.0 = Release|x64
		{5D0B3E24-CC90-435A-8F1A-9D4D4DD47CAD}.Debug|Win32.ActiveCfg = Debug|Win32
		{5D0B3E24-CC90-435A-8F1A-9D4D4DD47CAD}.Debug|Win32.Build.0 = Debug|Win32
		{5D0B3E24-CC90-435A-8F1A-9D4D4DD47CAD}.Debug|x64.ActiveCfg = Debug|x64
		{5D0B3E24-CC90-435A-8F1A-9D4D4DD47CAD}.Debug|x64.Build.0 = Debug|x64
		{5D0B3E24-CC90-435A-8F1A-9D4D4DD47CAD}.Release|Win32.ActiveCfg = Release|Win32
		{5D0B3E24-CC90-435A-8F1A-9D4D4DD47CAD}.Release|Win32.Build.0 = Release|Win32
		{5D0B3E24-CC90-435A-8F1A-9D4D4DD47CAD}.Release|x64.ActiveCfg = Release|x64
		{5D0B3E24-CC90-435A-8F1A-9D4D4DD47CAD}.Release|x64.Build.0 = Release|x64
		{C0194DA2-BB0A-419B-8DB6-2CB07B01B244}.Debug|Win32.ActiveCfg = Debug|Win32
		{C0194DA2-BB0A-419B-8DB6-2CB07B01B244}.Debug|Win32.Build.0 = Debug|Win32
		{C0194DA2-BB0A-419B-8DB6-2CB07B01B244}.Debug|x64.ActiveCfg = Debug|x64
		{C0194DA2-BB0A-419B-8DB6-2CB07B01B244}.Debug|x64.Build.0 = Debug|x64
		{C0194DA2-BB0A-419B-8DB6-2CB07B01B244}.Release|Win32.ActiveCfg = Release|Win32
		{C0194DA2-BB0A-419B-8DB6-2CB07B01B244}.Release|Win32.Build.0 = Release|Win32
		{C0194DA2-BB0A-419B-8DB6-2CB07B01B244}.Release|x64.ActiveCfg = Release|x64
		{C0194DA2-BB0A-419B-8DB6-2CB07B01B244}.Release|x64.Build.0 = Release|x64
		{E11CF994-3A96-43CB-BB30-35CEF915CE18}.Debug|Win32.ActiveCfg = Debug|Win32
		{E11CF994-3A96-43CB-BB30-35CEF915CE18}.Debug|Win32.Build.0 = Debug|Win32
		{E11CF994-3A96-43CB-BB30-35CEF915CE18}.Debug|x64.ActiveCfg = Debug|x64
		{E11CF994-3A96-43CB-BB30-35CEF915CE18}.Debug|x64.Build.0 = Debug|x64
		{E11CF994-3A96-43CB-BB30-35CEF915CE18}.Release|Win32.ActiveCfg = Release|Win32
		{E11CF994-3A96-43CB-BB30-35CEF915CE18}.Release|Win32.Build.0 = Release|Win32
		{E11CF994-3A96-43CB-BB30-35CEF915CE18}.Release|x64.ActiveCfg = Release|x64
		{E11CF994-3A96-43CB-BB30-35CEF915CE18}.Release|x64.Build.0 = Release|x64
		{FEDB5089-B3AC-464A-98FB-1EB8F63FBFC9}.Debug|Win32.ActiveCfg = Debug|Win32
		{FEDB5089-B3AC-464A-98FB-1EB8F63FBFC9}.Debug|Win32.Build.0 = Debug|Win32
		{FEDB5089-B3AC-464A-98FB-1EB8F63FBFC9}.Debug|x64.ActiveCfg = Debug|x64
		{FEDB5089-B3AC-464A-98FB-1EB8F63FBFC9}.Debug|x64.Build.0 = Debug|x64
		{FEDB5089-B3AC-464A-98FB-1EB8F63FBFC9}.Release|Win32.ActiveCfg = Release|Win32
		{FEDB5089-B3AC-464A-98FB-1EB8F63FBFC9}.Release|Win32.Build.0 = Release|Win32
		{FEDB5089-B3AC-464A-98FB-1EB8F63FBFC9}.Release|x64.ActiveCfg = Release|x64
		{FEDB5089-B3AC-464A-98FB-1EB8F63FBFC9}.Release|x64.Build.0 = Release|x64
		{8CEB5704-9C4F-496E-885B-59588A70DC7C}.Debug|Win32.ActiveCfg = Debug|Win32
		{8CEB5704-9C4F-496E-885B-59588A70DC7C}.Debug|Win32.Build.0 = Debug|Win32
		{8CEB5704-9C4F-496E-885B-59588A70DC7C}.Debug|x64.ActiveCfg = Debug|x64
		{8CEB5704-9C4F-496E-885B-59588A70DC7C}.Debug|x64.Build.0 = Debug|x64
		{8CEB5704-9C4F-496E-885B-59588A70DC7C}.Release|Win32.ActiveCfg = Release|Win32
		{8CEB5704-9C4F-496E-885B-59588A70DC7C}.Release|Win32.Build.0 = Release|Win32
		{8CEB5704-9C4F-496E-885B-59588A70DC7C}.Release|x64.ActiveCfg = Release|x64
		{8CEB5704-9C4F-496E-885B-59588A70DC7C}.Release|x64.Build.0 = Release|x64
		{6620E1A0-AFA1-46C1-A4D9-3962FAE83149}.Debug|Win32.ActiveCfg = Debug|Win32
		{6620E1A0-AFA1-46C1-A4D9-3962FAE83149}.Debug|Win32.Build.0 = Debug|Win32
		{6620E1A0-AFA1-46C1-A4D9-3962FAE83149}.Debug|x64.ActiveCfg = Debug|x64
		{6620E1A0-AFA1-46C1-A4D9-3962FAE83149}.Debug|x64.Build.0 = Debug|x64
		{6620E1A0-AFA1-46C1-A4D9-3962FAE83149}.Release|Win32.ActiveCfg = Release|Win32
		{6620E1A0-AFA1-46C1-A4D9-3962FAE83149}.Release|Win32.Build.0 = Release|Win32
		{6620E1A0-AFA1-46C1-A4D9-3962FAE83149}.Release|x64.ActiveCfg = Release|x64
		{6620E1A0-AFA1-46C1-A4D9-3962FAE83149}.Release|x64.Build.0 = Release|x64
		{EF9F6D49-9D07-4E24-92CE-DED8B2EFAA6A}.Debug|Win32.ActiveCfg = Debug|Win32
		{EF9F6D49-9D07-4E24-92CE-DED8B2EFAA6A}.Debug|Win32.Build.0 = Debug|Win32
		{EF9F6D49-9D07-4E24-92CE-DED8B2EFAA6A}.Debug|x64.ActiveCfg = Debug|x64
		{EF9F6D49-9D07-4E24-92CE-DED8B2EFAA6A}.Debug|x64.Build.0 = Debug|x64
		{EF9F6D49-9D07-4E24-92CE-DED8B2EFAA6A}.Release|Win32.ActiveCfg = Release|Win32
		{EF9F6D49-9D07-4E24-92CE-DED8B2EFAA6A}.Release|Win32.Build.0 = Release|Win32
		{EF9F6D49-9D07-4E24-92CE-DED8B2EFAA6A}.Release|x64.ActiveCfg = Release|x64
		{EF9F6D49-9D07-4E24-92CE-DED8B2EFAA6A}.Release|x64.Build.0 = Release|x64
		{67A3A397-24BE-422E-BFF0-12AABEC80A49}.Debug|Win32.ActiveCfg = Debug|Win32
		{67A3A397-24BE-422E-BFF0-12AABEC80A49}.Debug|Win32.Build.0 = Debug|Win32
		{67A3A397-24BE-422E-BFF0-12AABEC80A49}.Debug|x64.ActiveCfg = Debug|x64
		{67A3A397-24BE-422E-BFF0-12AABEC80A49}.Debug|x64.Build.0 = Debug|x64
		{67A3A397-24BE-422E-BFF0-12AABEC80A49}.Release|Win32.ActiveCfg = Release|Win32
		{67A3A397-24BE-422E-BFF0-12AABEC80A49}.Release|Win32.Build.0 = Release|Win32
		{67A3A397-24BE-422E-BFF0-12AABEC80A49}.Release|x64.ActiveCfg = Release|x64
		{67A3A397-24BE-422E-BFF0-12AABEC80A49}.Release|x64.Build.0 = Release|x64
		{AB7F8963-8296-4F59-AEC0-2F447735B046}.Debug|Win32.ActiveCfg = Debug|Win32
		{AB7F8963-8296-4F59-AEC0-2F447735B046}.Debug|Win32.Build.0 = Debug|Win32
		{AB7F8963-8296-4F59-AEC0-2F447735B046}.Debug|x64.ActiveCfg = Debug|x64
		{AB7F8963-8296-4F59-AEC0-2F447735B046}.Debug|x64.Build.0 = Debug|x64
		{AB7F8963-8296-4F59-AEC0-2F447735B046}.Release|Win32.ActiveCfg = Release|Win32
		{AB7F8963-8296-4F59-AEC0-2F447735B046}.Release|Win32.Build.0 = Release|Win32
		{AB7F8963-8296-4F59-AEC0-2F447735B046}.Release|x64.ActiveCfg = Release|x64
		{AB7F8963-8296-4F59-AEC0-2F447735B046}.Release|x64.Build.0 = Release|x64
		{601C44ED-0846-4953-B8E0-0E1D19C79F8B}.Debug|Win32.ActiveCfg = Debug|Win32
		{601C44ED-0846-4953-B8E0-0E1D19C79F8B}.Debug|Win32.Build.0 = Debug|Win32
		{601C44ED-0846-4953-B8E0-0E1D19C79F8B}.Debug|x64.ActiveCfg = Debug|x64
		{601C44ED-0846-4953-B8E0-0E1D19C79F8B}.Debug|x64.Build.0 = Debug|x64
		{601C44ED-0846-4953-B8E0-0E1D19C79F8B}.Release|Win32.ActiveCfg = Release|Win32
		{601C44ED-0846-4953-B8E0-0E1D19C79F8B}.Release|Win32.Build.0 = Release|Win32
		{601C44ED-0846-4953-B8E0-0E1D19C79F8B}.Release|x64.ActiveCfg = Release|x64
		{601C44ED-0846-4953-B8E0-0E1D19C79F8B}.Release|x64.Build.0 = Release|x64
		{779ADCAE-0D80-4CC5-8066-5D20C8E6A638}.Debug|Win32.ActiveCfg = Debug|Win32
		{779ADCAE-0D80-4CC5-8066-5D20C8E6A638}.Debug|Win32.Build.0 = Debug|Win32
		{779ADCAE-0D80-4CC5-8066-5D20C8E6A638}.Debug|x64.ActiveCfg = Debug|x64
		{779ADCAE-0D80-4CC5-8066-5D20C8E6A638}.Debug|x64.Build.0 = Debug|x64
		{779ADCAE-0D80-4CC5-8066-5D20C8E6A638}.Release|Win32.ActiveCfg = Release|Win32
		{779ADCAE-0D80-4CC5-8066-5D20C8E6A638}.Release|Win32.Build.0 = Release|Win32
		{779ADCAE-0D80-4CC5-8066-5D20C8E6A638}.Release|x64.ActiveCfg = Release|x64
		{779ADCAE-0D80-4CC5-8066-5D20C8E6A638}.Release|x64.Build.0 = Release|x64
		{23A596E0-8B56-4E03-ADFA-FFBEDA78B5D1}.Debug|Win32.ActiveCfg = Debug|Win32
		{23A596E0-8B56-4E03-ADFA-FFBEDA78B5D1}.Debug|Win32.Build.0 = Debug|Win32
		{23A596E0-8B56-4E03-ADFA-FFBEDA78B5D1}.Debug|x64.ActiveCfg = Debug|x64
		{23A596E0-8B56-4E03-ADFA-FFBEDA78B5D1}.Debug|x64.Build.0 = Debug|x64
		{23A596E0-8B56-4E03-ADFA-FFBEDA78B5D1}.Release|Win32.ActiveCfg = Release|Win32
		{23A596E0-8B56-4E03-ADFA-FFBEDA78B5D1}.Release|Win32.Build.0 = Release|Win32
		{23A596E0-8B56-4E03-ADFA-FFBEDA78B5D1}.Release|x64.ActiveCfg = Release|x64
		{23A596E0-8B56-4E03-ADFA-FFBEDA78B5D1}.Release|x64.Build.0 = Release|x64
		{E8BB3F1D-FFAF-4A3D-961C-F58F4857F736}.Debug|Win32.ActiveCfg = Debug|Win32
		{E8BB3F1D-FFAF-4A3D-961C-F58F4857F736}.Debug|Win32.Build.0 = Debug|Win32
		{E8BB3F1D-FFAF-4A3D-961C-F58F4857F736}.Debug|x64.ActiveCfg = Debug|x64
		{E8BB3F1D-FFAF-4A3D-961C-F58F4857F736}.Debug|x64.Build.0 = Debug|x64
		{E8BB3F1D-FFAF-4A3D-961C-F58F4857F736}.Release|Win32.ActiveCfg = Release|Win32
		{E8BB3F1D-FFAF-4A3D-961C-F58F4857F736}.Release|Win32.Build.0 = Release|Win32
		{E8BB3F1D-FFAF-4A3D-961C-F58F4857F736}.Release|x64.ActiveCfg = Release|x64
		{E8BB3F1D-FFAF-4A3D-961C-F58F4857F736}.Release|x64.Build.0 = Release|x64
		{DDEB2273-111E-48FA-BAD3-D48CAB6CFCC9}.Debug|Win32.ActiveCfg = Debug|Win32
		{DDEB2273-111E-48FA-BAD3-D48CAB6CFCC9}.Debug|Win32.Build.0 = Debug|Win32
		{DDEB2273-111E-48FA-BAD3-D48CAB6CFCC9}.Debug|x64.ActiveCfg = Debug|x64
		{DDEB2273-111E-48FA-BAD3-D48CAB6CFCC9}.Debug|x64.Build.0 = Debug|x64
		{DDEB2273-111E-48FA-BAD3-D48CAB6CFCC9}.Release|Win32.ActiveCfg = Release|Win32
		{DDEB2273-111E-48FA-BAD3-D48CAB6CFCC9}.Release|Win32.Build.0 = Release|Win32
		{DDEB2273-111E-48FA-BAD3-D48CAB6CFCC9}.Release|x64.ActiveCfg = Release|x64
		{DDEB2273-111E-48FA-BAD3-D48CAB6CFCC9}.Release|x64.Build.0 = Release|x64
		{C322DE32-5B9C-48E2-A545-B00F43A2667C}.Debug|Win32.ActiveCfg = Debug|Win32
		{C322DE32-5B9C-48E2-A545-B00F43A2667C}.Debug|Win32.Build.0 = Debug|Win32
		{C322DE32-5B9C-48E2-A545-B00F43A2667C}.Debug|x64.ActiveCfg = Debug|x64
		{C322DE32-5B9C-48E2-A545-B00F43A2667C}.Debug|x64.Build.0 = Debug|x64
		{C322DE32-5B9C-48E2-A545-B00F43A2667C}.Release|Win32.ActiveCfg = Release|Win32
		{C322DE32-5B9C-48E2-A545-B00F43A2667C}.Release|Win32.Build.0 = Release|Win32
		{C322DE32-5B9C-48E2-A545-B00F43A2667C}.Release|x64.ActiveCfg = Release|x64
		{C322DE32-5B9C-48E2-A545-B00F43A2667C}.Release|x64.Build.0 = Release|x64
		{9127565C-6510-4BC1-8784-B27EDE003313}.Debug|Win32.ActiveCfg = Debug|Win32
		{9127565C-6510-4BC1-8784-B27EDE003313}.Debug|Win32.Build.0 = Debug|Win32
		{9127565C-6510-4BC1-8784-B27EDE003313}.Debug|x64.ActiveCfg = Debug|x64
		{9127565C-6510-4BC1-8784-B27EDE003313}.Debug|x64.Build.0 = Debug|x64
		{9127565C-6510-4BC1-8784-B27EDE003313}.Release|Win32.ActiveCfg = Release|Win32
		{9127565C-6510-4BC1-8784-B27EDE003313}.Release|Win32.Build.0 = Release|Win32
		{9127565C-6510-4BC1-8784-B27EDE003313}.Release|x64.ActiveCfg = Release|x64
		{9127565C-6510-4BC1-8784-B27EDE003313}.Release|x64.Build.0 = Release|x64
		{540DF823-1799-4AB4-8A91-D7A9192587DA}.Debug|Win32.ActiveCfg = Debug|Win32
		{540DF823-1799-4AB4-8A91-D7A9192587DA}.Debug|Win32.Build.0 = Debug|Win32
		{540DF823-1799-4AB4-8A91-D7A9192587DA}.Debug|x64.ActiveCfg = Debug|x64
		{540DF823-1799-4AB4-8A91-D7A9192587DA}.Debug|x64.Build.0 = Debug|x64
		{540DF823-1799-4AB4-8A91-D7A9192587DA}.Release|Win32.ActiveCfg = Release|Win32
		{540DF823-1799-4AB4-8A91-D7A9192587DA}.Release|Win32.Build.0 = Release|Win32
		{540DF823-1799-4AB4-8A91-D7A9192587DA}.Release|x64.ActiveCfg = Release|x64
		{540DF823-1799-4AB4-8A91-D7A9192587DA}.Release|x64.Build.0 = Release|x64
		{70664988-8DAE-4269-976C-9765C2C30E47}.Debug|Win32.ActiveCfg = Debug|Win32
		{70664988-8DAE-4269-976C-9765C2C30E47}.Debug|Win32.Build.0 = Debug|Win32
		{70664988-8DAE-4269-976C-9765C2C30E47}.Debug|x64.ActiveCfg = Debug|x64
		{70664988-8DAE-4269-976C-9765C2C30E47}.Debug|x64.Build.0 = Debug|x64
		{70664988-8DAE-4269-976C-9765C2C30E47}.Release|Win32.ActiveCfg = Release|Win32
		{70664988-8DAE-4269-976C-9765C2C30E47}.Release|Win32.Build.0 = Release|Win32
		{70664988-8DAE-4269-976C-9765C2C30E47}.Release|x64.ActiveCfg = Release|x64
		{70664988-8DAE-4269-976C-9765C2C30E47}.Release|x64.Build.0 = Release|x64
		{6BD32C6F-D039-44F1-AB14-E201339C104D}.Debug|Win32.ActiveCfg = Debug|Win32
		{6BD32C6F-D039-44F1-AB14-E201339C104D}.Debug|Win32.Build.0 = Debug|Win32
		{6BD32C6F-D039-44F1-AB14-E201339C104D}.Debug|x64.ActiveCfg = Debug|x64
		{6BD32C6F-D039-44F1-AB14-E201339C104D}.Debug|x64.Build.0 = Debug|x64
		{6BD32C6F-D039-44F1-AB14-E201339C104D}.Release|Win32.ActiveCfg = Release|Win32
		{6BD32C6F-D039-44F1-AB14-E201339C104D}.Release|Win32.Build.0 = Release|Win32
		{6BD32C6F-D039-44F1-AB14-E201339C104D}.Release|x64.ActiveCfg = Release|x64
		{6BD32C6F-D039-44F1-AB14-E201339C104D}.Release|x64.Build.0 = Release|x64
		{E71E3785-440B-44E0-AE1B-507724419D8B}.Debug|Win32.ActiveCfg = Debug|Win32
		{E71E3785-440B-44E0-AE1B-507724419D8B}.Debug|Win32.Build.0 = Debug|Win32
		{E71E3785-440B-44E0-AE1B-507724419D8B}.Debug|x64.ActiveCfg = Debug|x64
		{E71E3785-440B-44E0-AE1B-507724419D8B}.Debug|x64.Build.0 = Debug|x64
		{E71E3785-440B-44E0-AE1B-507724419D8B}.Release|Win32.ActiveCfg = Release|Win32
		{E71E3785-440B-44E0-AE1B-507724419D8B}.Release|Win32.Build.0 = Release|Win32
		{E71E3785-440B-44E0-AE1B-507724419D8B}.Release|x64.ActiveCfg = Release|x64
		{E71E3785-440B-44E0-AE1B-507724419D8B}.Release|x64.Build.0 = Release|x64
		{6370D819-C441-4181-AE95-2C534C4A4C38}.Debug|Win32.ActiveCfg = Debug|Win32
		{6370D819-C441-4181-AE95-2C534C4A4C38}.Debug|Win32.Build.0 = Debug|Win32
		{6370D819-C441-4181-AE95-2C534C4A4C38}.Debug|x64.ActiveCfg = Debug|x64
		{6370D819-C441-4181-AE95-2C534C4A4C38}.Debug|x64.Build.0 = Debug|x64
		{6370D819-C441-4181-AE95-2C534C4A4C38}.Release|Win32.ActiveCfg = Release|Win32
		{6370D819-C441-4181-AE95-2C534C4A4C38}.Release|Win32.Build.0 = Release|Win32
		{6370D819-C441-4181-AE95-2C534C4A4C38}.Release|x64.ActiveCfg = Release|x64
		{6370D819-C441-4181-AE95-2C534C4A4C38}.Release|x64.Build.0 = Release|x64
		{3D14F1E5-DA8D-48A6-A56E-E1FA24CB0F89}.Debug|Win32.ActiveCfg = Debug|Win32
		{3D14F1E5-DA8D-48A6-A56E-E1FA24CB0F89}.Debug|Win32.Build.0 = Debug|Win32
		{3D14F1E5-DA8D-48A6-A56E-E1FA24CB0F89}.Debug|x64.ActiveCfg = Debug|x64
		{3D14F1E5-DA8D-48A6-A56E-E1FA24CB0F89}.Debug|x64.Build.0 = Debug|x64
		{3D14F1E5-DA8D-48A6-A56E-E1FA24CB0F89}.Release|Win32.ActiveCfg = Release|Win32
		{3D14F1E5-DA8D-48A6-A56E-E1FA24CB0F89}.Release|Win32.Build.0 = Release|Win32
		{3D14F1E5-DA8D-48A6-A56E-E1FA24CB0F89}.Release|x64.ActiveCfg = Release|x64
		{3D14F1E5-DA8D-48A6-A56E-E1FA24CB0F89}.Release|x64.Build.0 = Release|x64
		{BCDD4DD0-1907-45DF-B505-875E448F18E7}.Debug|Win32.ActiveCfg = Debug|Win32
		{BCDD4DD0-1907-45DF-B505-875E448F18E7}.Debug|Win32.Build.0 = Debug|Win32
		{BCDD4DD0-1907-45DF-B505-875E448F18E7}.Debug|x64.ActiveCfg = Debug|x64
		{BCDD4DD0-1907-45DF-B505-875E448F18E7}.Debug|x64.Build.0 = Debug|x64
		{BCDD4DD0-1907-45DF-B505-875E448F18E7}.Release|Win32.ActiveCfg = Release|Win32
		{BCDD4DD0-1907-45DF-B505-875E448F18E7}.Release|Win32.Build.0 = Release|Win32
		{BCDD4DD0-1907-45DF-B505-875E448F18E7}.Release|x64.ActiveCfg = Release|x64
		{BCDD4DD0-1907-45DF-B505-875E448F18E7}.Release|x64.Build.0 = Release|x64
		{6EDDBAB8-056B-4189-87BD-F3F2E33AB421}.Debug|Win32.ActiveCfg = Debug|Win32
		{6EDDBAB8-056B-4189-87BD-F3F2E33AB421}.Debug|Win32.Build.0 = Debug|Win32
		{6EDDBAB8-056B-4189-87BD-F3F2E33AB421}.Debug|x64.ActiveCfg = Debug|x64
		{6EDDBAB8-056B-4189-87BD-F3F2E33AB421}.Debug|x64.Build.0 = Debug|x64
		{6EDDBAB8-056B-4189-87BD-F3F2E33AB421}.Release|Win32.ActiveCfg = Release|Win32
		{6EDDBAB8-056B-4189-87BD-F3F2E33AB421}.Release|Win32.Build.0 = Release|Win32
		{6EDDBAB8-056B-4189-87BD-F3F2E33AB421}.Release|x64.ActiveCfg = Release|x64
		{6EDDBAB8-056B-4189-87BD-F3F2E33AB421}.Release|x64.Build.0 = Release|x64
		{62DF592F-52FA-4354-97F2-230035D1B965}.Debug|Win32.ActiveCfg = Debug|Win32
		{62DF592F-52FA-4354-97F2-230035D1B965}.Debug|Win32.Build.0 = Debug|Win32
		{62DF592F-52FA-4354-97F2-230035D1B965}.Debug|x64.ActiveCfg = Debug|x64
		{62DF592F-52FA-4354-97F2-230035D1B965}.Debug|x64.Build.0 = Debug|x64
		{62DF592F-52FA-4354-97F2-230035D1B965}.Release|Win32.ActiveCfg = Release|Win32
		{62DF592F-52FA-4354-97F2-230035D1B965}.Release|Win32.Build.0 = Release|Win32
		{62DF592F-52FA-4354-97F2-230035D1B965}.Release|x64.ActiveCfg = Release|x64
		{62DF592F-52FA-4354-97F2-230035D1B965}.Release|x64.Build.0 = Release|x64
		{FC1A85B2-26B0-4954-A9D4-F30F41740DA1}.Debug|Win32.ActiveCfg = Debug|Win32
		{FC1A85B2-26B0-4954-A9D4-F30F41740DA1}.Debug|Win32.Build.0 = Debug|Win32
		{FC1A85B2-26B0-4954-A9D4-F30F41740DA1}.Debug|x64.ActiveCfg = Debug|x64
		{FC1A85B2-26B0-4954-A9D4-F30F41740DA1}.Debug|x64.Build.0 = Debug|x64
		{FC1A85B2-26B0-4954-A9D4-F30F41740DA1}.Release|Win32.ActiveCfg = Release|Win32
		{FC1A85B2-26B0-4954-A9D4-F30F41740DA1}.Release|Win32.Build.0 = Release|Win32
		{FC1A85B2-26B0-4954-A9D4-F30F41740DA1}.Release|x64.ActiveCfg = Release|x64
		{FC1A85B2-26B0-4954-A9D4-F30F41740DA1}.Release|x64.Build.0 = Release|x64
		{4FE29116-061D-4C47-8901-82D7FDF82FDD}.Debug|Win32.ActiveCfg = Debug|Win32
		{4FE29116-061D-4C47-8901-82D7FDF82FDD}.Debug|Win32.Build.0 = Debug|Win32
		{4FE29116-061D-4C47-8901-82D7FDF82FDD}.Debug|x64.ActiveCfg = Debug|x64
		{4FE29116-061D-4C47-8901-82D7FDF82FDD}.Debug|x64.Build.0 = Debug|x64
		{4FE29116-061D-4C47-8901-82D7FDF82FDD}.Release|Win32.ActiveCfg = Release|Win32
		{4FE29116-061D-4C47-8901-82D7FDF82FDD}.Release|Win32.Build.0 = Release|Win32
		{4FE29116-061D-4C47-8901-82D7FDF82FDD}.Release|x64.ActiveCfg = Release|x64
		{4FE29116-061D-4C47-8901-82D7FDF82FDD}.Release|x64.Build.0 = Release|x64
		{37D9AC6A-CA66-4EAB-BA6B-0BA4C7E9996C}.Debug|Win32.ActiveCfg = Debug|Win32
		{37D9AC6A-CA66-4EAB-BA6B-0BA4C7E9996C}.Debug|Win32.Build.0 = Debug|Win32
		{37D9AC6A-CA66-4EAB-BA6B-0BA4C7E9996C}.Debug|x64.ActiveCfg = Debug|x64
		{37D9AC6A-CA66-4EAB-BA6B-0BA4C7E9996C}.Debug|x64.Build.0 = Debug|x64
		{37D9AC6A-CA66-4EAB-BA6B-0BA4C7E9996C}.Release|Win32.ActiveCfg = Release|Win32
		{37D9AC6A-CA66-4EAB-BA6B-0BA4C7E9996C}.Release|Win32.Build.0 = Release|Win32
		{37D9AC6A-CA66-4EAB-BA6B-0BA4C7E9996C}.Release|x64.ActiveCfg = Release|x64
		{37D9AC6A-CA66-4EAB-BA6B-0BA4C7E9996C}.Release|x64.Build.0 = Release|x64
		{04B9D6AF-CD61-4CA2-AD2D-B076F22C942A}.Debug|Win32.ActiveCfg = Debug|Win32
		{04B9D6AF-CD61-4CA2-AD2D-B076F22C942A}.Debug|Win32.Build.0 = Debug|Win32
		{04B9D6AF-CD61-4CA2-AD2D-B076F22C942A}.Debug|x64.ActiveCfg = Debug|x64
		{04B9D6AF-CD61-4CA2-AD2D-B076F22C942A}.Debug|x64.Build.0 = Debug|x64
		{04B9D6AF-CD61-4CA2-AD2D-B076F22C942A}.Release|Win32.ActiveCfg = Release|Win32
		{04B9D6AF-CD61-4CA2-AD2D-B076F22C942A}.Release|Win32.Build.0 = Release|Win32
		{04B9D6AF-CD61-4CA2-AD2D-B076F22C942A}.Release|x64.ActiveCfg = Release|x64
		{04B9D6AF-CD61-4CA2-AD2D-B076F22C942A}.Release|x64.Build.0 = Release|x64
		{E098EBE3-7CE0-4F6E-8CA3-7518133CF241}.Debug|Win32.ActiveCfg = Debug|Win32
		{E098EBE3-7CE0-4F6E-8CA3-7518133CF241}.Debug|Win32.Build.0 = Debug|Win32
		{E098EBE3-7CE0-4F6E-8CA3-7518133CF241}.Debug|x64.ActiveCfg = Debug|x64
		{E098EBE3-7CE0-4F6E-8CA3-7518133CF241}.Debug|x64.Build.0 = Debug|x64
		{E098EBE3-7CE0-4F6E-8CA3-7518133CF241}.Release|Win32.ActiveCfg = Release|Win32
		{E098EBE3-7CE0-4F6E-8CA3-7518133CF241}.Release|Win32.Build.0 = Release|Win32
		{E098EBE3-7CE0-4F6E-8CA3-7518133CF241}.Release|x64.ActiveCfg = Release|x64
		{E098EBE3-7CE0-4F6E-8CA3-7518133CF241}.Release|x64.Build.0 = Release|x64
		{4C2B9A6A-FEFC-40D0-A025-B915115769B2}.Debug|Win32.ActiveCfg = Debug|Win32
		{4C2B9A6A-FEFC-40D0-A025-B915115769B2}.Debug|Win32.Build.0 = Debug|Win32
		{4C2B9A6A-FEFC-40D0-A025-B915115769B2}.Debug|x64.ActiveCfg = Debug|x64
		{4C2B9A6A-FEFC-40D0-A025-B915115769B2}.Debug|x64.Build.0 = Debug|x64
		{4C2B9A6A-FEFC-40D0-A025-B915115769B2}.Release|Win32.ActiveCfg = Release|Win32
		{4C2B9A6A-FEFC-40D0-A025-B915115769B2}.Release|Win32.Build.0 = Release|Win32
		{4C2B9A6A-FEFC-40D0-A025-B915115769B2}.Release|x64.ActiveCfg = Release|x64
		{4C2B9A6A-FEFC-40D0-A025-B915115769B2}.Release|x64.Build.0 = Release|x64
		{9C4349B1-9657-4DA9-B60E-2DAE00FB9F0D}.Debug|Win32.ActiveCfg = Debug|Win32
		{9C4349B1-9657-4DA9-B60E-2DAE00FB9F0D}.Debug|Win32.Build.0 = Debug|Win32
		{9C4349B1-9657-4DA9-B60E-2DAE00FB9F0D}.Debug|x64.ActiveCfg = Debug|x64
		{9C4349B1-9657-4DA9-B60E-2DAE00FB9F0D}.Debug|x64.Build.0 = Debug|x64
		{9C4349B1-9657-4DA9-B60E-2DAE00FB9F0D}.Release|Win32.ActiveCfg = Release|Win32
		{9C4349B1-9657-4DA9-B60E-2DAE00FB9F0D}.Release|Win32.Build.0 = Release|Win32
		{9C4349B1-9657-4DA9-B60E-2DAE00FB9F0D}.Release|x64.ActiveCfg = Release|x64
		{9C4349B1-9657-4DA9-B60E-2DAE00FB9F0D}.Release|x64.Build.0 = Release|x64
		{D8F24A4A-CBB1-4645-82B7-318521209A8C}.Debug|Win32.ActiveCfg = Debug|Win32
		{D8F24A4A-CBB1-4645-82B7-318521209A8C}.Debug|Win32.Build.0 = Debug|Win32
		{D8F24A4A-CBB1-4645-82B7-318521209A8C}.Debug|x64.ActiveCfg = Debug|x64
		{D8F24A4A-CBB1-4645-82B7-318521209A8C}.Debug|x64.Build.0 = Debug|x64
		{D8F24A4A-CBB1-4645-82B7-318521209A8C}.Release|Win32.ActiveCfg = Release|Win32
		{D8F24A4A-CBB1-4645-82B7-318521209A8C}.Release|Win32.Build.0 = Release|Win32
		{D8F24A4A-CBB1-4645-82B7-318521209A8C}.Release|x64.ActiveCfg = Release|x64
		{D8F24A4A-CBB1-4645-82B7-318521209A8C}.Release|x64.Build.0 = Release|x64
		{9C2F1CD4-8595-415A-98E4-56207DC5B8E7}.Debug|Win32.ActiveCfg = Debug|Win32
		{9C2F1CD4-8595-415A-98E4-56207DC5B8E7}.Debug|Win32.Build.0 = Debug|Win32
		{9C2F1CD4-8595-415A-98E4-56207DC5B8E7}.Debug|x64.ActiveCfg = Debug|x64
		{9C2F1CD4-8595-415A-98E4-56207DC5B8E7}.Debug|x64.Build.0 = Debug|x64
		{9C2F1CD4-8595-415A-98E4-56207DC5B8E7}.Release|Win32.ActiveCfg = Release|Win32
		{9C2F1CD4-8595-415A-98E4-56207DC5B8E7}.Release|Win32.Build.0 = Release|Win32
		{9C2F1CD4-8595-415A-98E4-56207DC5B8E7}.Release|x64.ActiveCfg = Release|x64
		{9C2F1CD4-8595-415A-98E4-56207DC5B8E7}.Release|x64.Build.0 = Release|x64
		{18A3C14C-B66D-40EB-A1E5-219ACC197B24}.Debug|Win32.ActiveCfg = Debug|Win32
		{18A3C14C-B66D-40EB-A1E5-219ACC197B24}.Debug|Win32.Build.0 = Debug|Win32
		{18A3C14C-B66D-40EB-A1E5-219ACC197B24}.Debug|x64.ActiveCfg = Debug|x64
		{18A3C14C-B66D-40EB-A1E5-219ACC197B24}.Debug|x64.Build.0 = Debug|x64
		{18A3C14C-B66D-40EB-A1E5-219ACC197B24}.Release|Win32.ActiveCfg = Release|Win32
		{18A3C14C-B66D-40EB-A1E5-219ACC197B24}.Release|Win32.Build.0 = Release|Win32
		{18A3C14C-B66D-40EB-A1E5-219ACC197B24}.Release|x64.ActiveCfg = Release|x64
		{18A3C14C-B66D-40EB-A1E5-219ACC197B24}.Release|x64.Build.0 = Release|x64
		{98856CEB-B0C9-4B63-B02E-8A0E1B31CB60}.Debug|Win32.ActiveCfg = Debug|Win32
		{98856CEB-B0C9-4B63-B02E-8A0E1B31CB60}.Debug|Win32.Build.0 = Debug|Win32
		{98856CEB-B0C9-4B63-B02E-8A0E1B31CB60}.Debug|x64.ActiveCfg = Debug|x64
		{98856CEB-B0C9-4B63-B02E-8A0E1B31CB60}.Debug|x64.Build.0 = Debug|x64
		{98856CEB-B0C9-4B63-B02E-8A0E1B31CB60}.Release|Win32.ActiveCfg = Release|Win32
		{98856CEB-B0C9-4B63-B02E-8A0E1B31CB60}.Release|Win32.Build.0 = Release|Win32
		{98856CEB-B0C9-4B63-B02E-8A0E1B31CB60}.Release|x64.ActiveCfg = Release|x64
		{98856CEB-B0C9-4B63-B02E-8A0E1B31CB60}.Release|x64.Build.0 = Release|x64
		{3C395B04-6D3C-41C3-9B6C-184A086089E5}.Debug|Win32.ActiveCfg = Debug|Win32
		{3C395B04-6D3C-41C3-9B6C-184A086089E5}.Debug|Win32.Build.0 = Debug|Win32
		{3C395B04-6D3C-41C3-9B6C-184A086089E5}.Debug|x64.ActiveCfg = Debug|x64
		{3C395B04-6D3C-41C3-9B6C-184A086089E5}.Debug|x64.Build.0 = Debug|x64
		{3C395B04-6D3C-41C3-9B6C-184A086089E5}.Release|Win32.ActiveCfg = Release|Win32
		{3C395B04-6D3C-41C3-9B6C-184A086089E5}.Release|Win32.Build.0 = Release|Win32
		{3C395B04-6D3C-41C3-9B6C-184A086089E5}.Release|x64.ActiveCfg = Release|x64
		{3C395B04-6D3C-41C3-9B6C-184A086089E5}.Release|x64.Build.0 = Release|x64
		{955CA7B3-7C61-436D-AD9E-DAACED959B2C}.Debug|Win32.ActiveCfg = Debug|Win32
		{955CA7B3-7C61-436D-AD9E-DAACED959B2C}.Debug|Win32.Build.0 = Debug|Win32
		{955CA7B3-7C61-436D-AD9E-DAACED959B2C}.Debug|x64.ActiveCfg = Debug|x64
		{955CA7B3-7C61-436D-AD9E-DAACED959B2C}.Debug|x64.Build.0 = Debug|x64
		{955CA7B3-7C61-436D-AD9E-DAACED959B2C}.Release|Win32.ActiveCfg = Release|Win32
		{955CA7B3-7C61-436D-AD9E-DAACED959B2C}.Release|Win32.Build.0 = Release|Win32
		{955CA7B3-7C61-436D-AD9E-DAACED959B2C}.Release|x64.ActiveCfg = Release|x64
		{955CA7B3-7C61-436D-AD9E-DAACED959B2C}.Release|x64.Build.0 = Release|x64
		{208B35EF-0DCD-430F-81D6-91F56E0543EC}.Debug|Win32.ActiveCfg = Debug|Win32
		{208B35EF-0DCD-430F-81D6-91F56E0543EC}.Debug|Win32.Build.0 = Debug|Win32
		{208B35EF-0DCD-430F-81D6-91F56E0543EC}.Debug|x64.ActiveCfg = Debug|x64
		{208B35EF-0DCD-430F-81D6-91F56E0543EC}.Debug|x64.Build.0 = Debug|x64
		{208B35EF-0DCD-430F-81D6-91F56E0543EC}.Release|Win32.ActiveCfg = Release|Win32
		{208B35EF-0DCD-430F-81D6-91F56E0543EC}.Release|Win32.Build.0 = Release|Win32
		{208B35EF-0DCD-430F-81D6-91F56E0543EC}.Release|x64.ActiveCfg = Release|x64
		{208B35EF-0DCD-430F-81D6-91F56E0543EC}.Release|x64.Build.0 = Release|x64
		{37647DF8-FFA9-4DD8-91E0-CE14C24C4F21}.Debug|Win32.ActiveCfg = Debug|Win32
		{37647DF8-FFA9-4DD8-91E0-CE14C24C4F21}.Debug|Win32.Build.0 = Debug|Win32
		{37647DF8-FFA9-4DD8-91E0-CE14C24C4F21}.Debug|x64.ActiveCfg = Debug|x64
		{37647DF8-FFA9-4DD8-91E0-CE14C24C4F21}.Debug|x64.Build.0 = Debug|x64
		{37647DF8-FFA9-4DD8-91E0-CE14C24C4F21}.Release|Win32.ActiveCfg = Release|Win32
		{37647DF8-FFA9-4DD8-91E0-CE14C24C4F21}.Release|Win32.Build.0 = Release|Win32
		{37647DF8-FFA9-4DD8-91E0-CE14C24C4F21}.Release|x64.ActiveCfg = Release|x64
		{37647DF8-FFA9-4DD8-91E0-CE14C24C4F21}.Release|x64.Build.0 = Release|x64
		{E7DACABA-E568-47A0-95BC-AB3B43ADC2EF}.Debug|Win32.ActiveCfg = Debug|Win32
		{E7DACABA-E568-47A0-95BC-AB3B43ADC2EF}.Debug|Win32.Build.0 = Debug|Win32
		{E7DACABA-E568-47A0-95BC-AB3B43ADC2EF}.Debug|x64.ActiveCfg = Debug|x64
		{E7DACABA-E568-47A0-95BC-AB3B43ADC2EF}.Debug|x64.Build.0 = Debug|x64
		{E7DACABA-E568-47A0-95BC-AB3B43ADC2EF}.Release|Win32.ActiveCfg = Release|Win32
		{E7DACABA-E568-47A0-95BC-AB3B43ADC2EF}.Release|Win32.Build.0 = Release|Win32
		{E7DACABA-E568-47A0-95BC-AB3B43ADC2EF}.Release|x64.ActiveCfg = Release|x64
		{E7DACABA-E568-47A0-95BC-AB3B43ADC2EF}.Release|x64.Build.0 = Release|x64
		{0DE9C6EC-64A8-43D2-B67E-1D7E5293F59E}.Debug|Win32.ActiveCfg = Debug|Win32
		{0DE9C6EC-64A8-43D2-B67E-1D7E5293F59E}.Debug|Win32.Build.0 = Debug|Win32
		{0DE9C6EC-64A8-43D2-B67E-1D7E5293F59E}.Debug|x64.ActiveCfg = Debug|x64
		{0DE9C6EC-64A8-43D2-B67E-1D7E5293F59E}.Debug|x64.Build.0 = Debug|x64
		{0DE9C6EC-64A8-43D2-B67E-1D7E5293F59E}.Release|Win32.ActiveCfg = Release|Win32
		{0DE9C6EC-64A8-43D2-B67E-1D7E5293F59E}.Release|Win32.Build.0 = Release|Win32
		{0DE9C6EC-64A8-43D2-B67E-1D7E5293F59E}.Release|x64.ActiveCfg = Release|x64
		{0DE9C6EC-64A8-43D2-B67E-1D7E5293F59E}.Release|x64.Build.0 = Release|x64
		{D59AFE18-87AC-4122-9228-DCAF777767A3}.Debug|Win32.ActiveCfg = Debug|Win32
		{D59AFE18-87AC-4122-9228-DCAF777767A3}.Debug|Win32.Build.0 = Debug|Win32
		{D59AFE18-87AC-4122-9228-DCAF777767A3}.Debug|x64.ActiveCfg = Debug|x64
		{D59AFE18-87AC-4122-9228-DCAF777767A3}.Debug|x64.Build.0 = Debug|x64
		{D59AFE18-87AC-4122-9228-DCAF777767A3}.Release|Win32.ActiveCfg = Release|Win32
		{D59AFE18-87AC-4122-9228-DCAF777767A3}.Release|Win32.Build.0 = Release|Win32
		{D59AFE18-87AC-4122-9228-DCAF777767A3}.Release|x64.ActiveCfg = Release|x64
		{D59AFE18-87AC-4122-9228-DCAF777767A3}.Release|x64.Build.0 = Release|x64
		{2CED9244-1305-46BD-9CB4-E4238CDF541F}.Debug|Win32.ActiveCfg = Debug|Win32
		{2CED9244-1305-46BD-9CB4-E4238CDF541F}.Debug|Win32.Build.0 = Debug|Win32
		{2CED9244-1305-46BD-9CB4-E4238CDF541F}.Debug|x64.ActiveCfg = Debug|x64
		{2CED9244-1305-46BD-9CB4-E4238CDF541F}.Debug|x64.Build.0 = Debug|x64
		{2CED9244-1305-46BD-9CB4-E4238CDF541F}.Release|Win32.ActiveCfg = Release|Win32
		{2CED9244-1305-46BD-9CB4-E4238CDF541F}.Release|Win32.Build.0 = Release|Win32
		{2CED9244-1305-46BD-9CB4-E4238CDF541F}.Release|x64.ActiveCfg = Release|x64
		{2CED9244-1305-46BD-9CB4-E4238CDF541F}.Release|x64.Build.0 = Release|x64
		{B4AC45F5-5AB9-4FA5-815B-05B69C9CECCB}.Debug|Win32.ActiveCfg = Debug|Win32
		{B4AC45F5-5AB9-4FA5-815B-05B69C9CECCB}.Debug|Win32.Build.0 = Debug|Win32
		{B4AC45F5-5AB9-4FA5-815B-05B69C9CECCB}.Debug|x64.ActiveCfg = Debug|x64
		{B4AC45F5-5AB9-4FA5-815B-05B69C9CECCB}.Debug|x64.Build.0 = Debug|x64
		{B4AC45F5-5AB9-4FA5-815B-05B69C9CECCB}.Release|Win32.ActiveCfg = Release|Win32
		{B4AC45F5-5AB9-4FA5-815B-05B69C9CECCB}.Release|Win32.Build.0 = Release|Win32
		{B4AC45F5-5AB9-4FA5-815B-05B69C9CECCB}.Release|x64.ActiveCfg = Release|x64
		{B4AC45F5-5AB9-4FA5-815B-05B69C9CECCB}.Release|x64.Build.0 = Release|x64
		{B9345A72-2107-487C-B4D7-0C47CA1C871F}.Debug|Win32.ActiveCfg = Debug|Win32
		{B9345A72-2107-487C-B4D7-0C47CA1C871F}.Debug|Win32.Build.0 = Debug|Win32
		{B9345A72-2107-487C-B4D7-0C47CA1C871F}.Debug|x64.ActiveCfg = Debug|x64
		{B9345A72-2107-487C-B4D7-0C47CA1C871F}.Debug|x64.Build.0 = Debug|x64
		{B9345A72-2107-487C-B4D7-0C47CA1C871F}.Release|Win32.ActiveCfg = Release|Win32
		{B9345A72-2107-487C-B4D7-0C47CA1C871F}.Release|Win32.Build.0 = Release|Win32
		{B9345A72-2107-487C-B4D7-0C47CA1C871F}.Release|x64.ActiveCfg = Release|x64
		{B9345A72-2107-487C-B4D7-0C47CA1C871F}.Release|x64.Build.0 = Release|x64
		{DCEE61BC-EB86-4318-B1FB-33B11A605FD9}.Debug|Win32.ActiveCfg = Debug|Win32
		{DCEE61BC-EB86-4318-B1FB-33B11A605FD9}.Debug|Win32.Build.0 = Debug|Win32
		{DCEE61BC-EB86-4318-B1FB-33B11A605FD9}.Debug|x64.ActiveCfg = Debug|x64
		{DCEE61BC-EB86-4318-B1FB-33B11A605FD9}.Debug|x64.Build.0 = Debug|x64
		{DCEE61BC-EB86-4318-B1FB-33B11A605FD9}.Release|Win32.ActiveCfg = Release|Win32
		{DCEE61BC-EB86-4318-B1FB-33B11A605FD9}.Release|Win32.Build.0 = Release|Win32
		{DCEE61BC-EB86-4318-B1FB-33B11A605FD9}.Release|x64.ActiveCfg = Release|x64
		{DCEE61BC-EB86-4318-B1FB-33B11A605FD9}.Release|x64.Build.0 = Release|x64
		{1EE1A4E4-E0BF-4393-BDBB-158C8E4E8124}.Debug|Win32.ActiveCfg = Debug|Win32
		{1EE1A4E4-E0BF-4393-BDBB-158C8E4E8124}.Debug|Win32.Build.0 = Debug|Win32
		{1EE1A4E4-E0BF-4393-BDBB-158C8E4E8124}.Debug|x64.ActiveCfg = Debug|x64
		{1EE1A4E4-E0BF-4393-BDBB-158C8E4E8124}.Debug|x64.Build.0 = Debug|x64
		{1EE1A4E4-E0BF-4393-BDBB-158C8E4E8124}.Release|Win32.ActiveCfg = Release|Win32
		{1EE1A4E4-E0BF-4393-BDBB-158C8E4E8124}.Release|Win32.Build.0 = Release|Win32
		{1EE1A4E4-E0BF-4393-BDBB-158C8E4E8124}.Release|x64.ActiveCfg = Release|x64
		{1EE1A4E4-E0BF-4393-BDBB-158C8E4E8124}.Release|x64.Build.0 = Release|x64
		{FFFAEC96-145B-4F6B-9909-FE25C1513FF3}.Debug|Win32.ActiveCfg = Debug|Win32
		{FFFAEC96-145B-4F6B-9909-FE25C1513FF3}.Debug|Win32.Build.0 = Debug|Win32
		{FFFAEC96-145B-4F6B-9909-FE25C1513FF3}.Debug|x64.ActiveCfg = Debug|x64
		{FFFAEC96-145B-4F6B-9909-FE25C1513FF3}.Debug|x64.Build.0 = Debug|x64
		{FFFAEC96-145B-4F6B-9909-FE25C1513FF3}.Release|Win32.ActiveCfg = Release|Win32
		{FFFAEC96-145B-4F6B-9909-FE25C1513FF3}.Release|Win32.Build.0 = Release|Win32
		{FFFAEC96-145B-4F6B-9909-FE25C1513FF3}.Release|x64.ActiveCfg = Release|x64
		{FFFAEC96-145B-4F6B-9909-FE25C1513FF3}.Release|x64.Build.0 = Release|x64
		{42670943-4290-4F33-83A9-60BDD74CB55C}.Debug|Win32.ActiveCfg = Debug|Win32
		{42670943-4290-4F33-83A9-60BDD74CB55C}.Debug|Win32.Build.0 = Debug|Win32
		{42670943-4290-4F33-83A9-60BDD74CB55C}.Debug|x64.ActiveCfg = Debug|x64
		{42670943-4290-4F33-83A9-60BDD74CB55C}.Debug|x64.Build.0 = Debug|x64
		{42670943-4290-4F33-83A9-60BDD74CB55C}.Release|Win32.ActiveCfg = Release|Win32
		{42670943-4290-4F33-83A9-60BDD74CB55C}.Release|Win32.Build.0 = Release|Win32
		{42670943-4290-4F33-83A9-60BDD74CB55C}.Release|x64.ActiveCfg = Release|x64
		{42670943-4290-4F33-83A9-60BDD74CB55C}.Release|x64.Build.0 = Release|x64
		{03797D06-4086-4E4C-A623-E36496CFA168}.Debug|Win32.ActiveCfg = Debug|Win32
		{03797D06-4086-4E4C-A623-E36496CFA168}.Debug|Win32.Build.0 = Debug|Win32
		{03797D06-4086-4E4C-A623-E36496CFA168}.Debug|x64.ActiveCfg = Debug|x64
		{03797D06-4086-4E4C-A623-E36496CFA168}.Debug|x64.Build.0 = Debug|x64
		{03797D06-4086-4E4C-A623-E36496CFA168}.Release|Win32.ActiveCfg = Release|Win32
		{03797D06-4086-4E4C-A623-E36496CFA168}.Release|Win32.Build.0 = Release|Win32
		{03797D06-4086-4E4C-A623-E36496CFA168}.Release|x64.ActiveCfg = Release|x64
		{03797D06-4086-4E4C-A623-E36496CFA168}.Release|x64.Build.0 = Release|x64
		{FC63B83B-78F8-4B64-993A-257E76EFF29C}.Debug|Win32.ActiveCfg = Debug|Win32
		{FC63B83B-78F8-4B64-993A-257E76EFF29C}.Debug|Win32.Build.0 = Debug|Win32
		{FC63B83B-78F8-4B64-993A-257E76EFF29C}.Debug|x64.ActiveCfg = Debug|x64
		{FC63B83B-78F8-4B64-993A-257E76EFF29C}.Debug|x64.Build.0 = Debug|x64
		{FC63B83B-78F8-4B64-993A-257E76EFF29C}.Release|Win32.ActiveCfg = Release|Win32
		{FC63B83B-78F8-4B64-993A-257E76EFF29C}.Release|Win32.Build.0 = Release|Win32
		{FC63B83B-78F8-4B64-993A-257E76EFF29C}.Release|x64.ActiveCfg = Release|x64
		{FC63B83B-78F8-4B64-993A-257E76EFF29C}.Release|x64.Build.0 = Release|x64
		{2406CFE6-745E-40B9-B286-563E6949ABE6}.Debug|Win32.ActiveCfg = Debug|Win32
		{2406CFE6-745E-40B9-B286-563E6949ABE6}.Debug|Win32.Build.0 = Debug|Win32
		{2406CFE6-745E-40B9-B286-563E6949ABE6}.Debug|x64.ActiveCfg = Debug|x64
		{2406CFE6-745E-40B9-B286-563E6949ABE6}.Debug|x64.Build.0 = Debug|x64
		{2406CFE6-745E-40B9-B286-563E6949ABE6}.Release|Win32.ActiveCfg = Release|Win32
		{2406CFE6-745E-40B9-B286-563E6949ABE6}.Release|Win32.Build.0 = Release|Win32
		{2406CFE6-745E-40B9-B286-563E6949ABE6}.Release|x64.ActiveCfg = Release|x64
		{2406CFE6-745E-40B9-B286-563E6949ABE6}.Release|x64.Build.0 = Release|x64
	EndGlobalSection
	GlobalSection(SolutionProperties) = preSolution
		HideSolutionNode = FALSE
	EndGlobalSection
	GlobalSection(NestedProjects) = preSolution
		{3E645C7B-5C2B-421A-B8F1-A2F894D0558F} = {4077DF06-2489-4301-B502-91296BB15CE9}
		{9A7F1EFC-464E-4E37-8714-D7201825D796} = {4077DF06-2489-4301-B502-91296BB15CE9}
		{2FC51F1F-8371-4656-97B9-BE5D4ECCB264} = {4077DF06-2489-4301-B502-91296BB15CE9}
		{6620E1A0-AFA1-46C1-A4D9-3962FAE83149} = {4077DF06-2489-4301-B502-91296BB15CE9}
		{AD09A9EB-86AE-4C8A-8FF7-7DCCFE6048F1} = {99B68275-8E64-4E5F-8B87-3C93875D04AC}
		{6944A026-2A29-481A-962E-3B7D24353F82} = {99B68275-8E64-4E5F-8B87-3C93875D04AC}
		{3FC5C059-E389-440C-9980-69868F6AE90F} = {99B68275-8E64-4E5F-8B87-3C93875D04AC}
		{C954E8CE-14C3-4C1E-BB0A-9BCBDE2BCC4B} = {99B68275-8E64-4E5F-8B87-3C93875D04AC}
		{E3CA68F1-454F-49B5-8FC3-9ACA362D5A3D} = {99B68275-8E64-4E5F-8B87-3C93875D04AC}
		{F978C891-92E5-4576-B8F3-510638038FC1} = {99B68275-8E64-4E5F-8B87-3C93875D04AC}
		{0F84BF62-50BA-4240-9D27-0A6D7B60C80C} = {99B68275-8E64-4E5F-8B87-3C93875D04AC}
		{98A5C8DF-469D-44AB-BA1B-7415749E8D49} = {99B68275-8E64-4E5F-8B87-3C93875D04AC}
		{751B7685-F0FC-48A9-A394-C17BAA65D996} = {99B68275-8E64-4E5F-8B87-3C93875D04AC}
		{DCCA8AD3-0E75-4991-842D-DE20BC4BF48C} = {99B68275-8E64-4E5F-8B87-3C93875D04AC}
		{5D0B3E24-CC90-435A-8F1A-9D4D4DD47CAD} = {99B68275-8E64-4E5F-8B87-3C93875D04AC}
		{C0194DA2-BB0A-419B-8DB6-2CB07B01B244} = {99B68275-8E64-4E5F-8B87-3C93875D04AC}
		{E11CF994-3A96-43CB-BB30-35CEF915CE18} = {99B68275-8E64-4E5F-8B87-3C93875D04AC}
		{FEDB5089-B3AC-464A-98FB-1EB8F63FBFC9} = {99B68275-8E64-4E5F-8B87-3C93875D04AC}
		{8CEB5704-9C4F-496E-885B-59588A70DC7C} = {908F4687-A299-442C-98F6-BC0AFEEA5F70}
		{EF9F6D49-9D07-4E24-92CE-DED8B2EFAA6A} = {908F4687-A299-442C-98F6-BC0AFEEA5F70}
		{67A3A397-24BE-422E-BFF0-12AABEC80A49} = {908F4687-A299-442C-98F6-BC0AFEEA5F70}
		{AB7F8963-8296-4F59-AEC0-2F447735B046} = {908F4687-A299-442C-98F6-BC0AFEEA5F70}
		{601C44ED-0846-4953-B8E0-0E1D19C79F8B} = {908F4687-A299-442C-98F6-BC0AFEEA5F70}
		{779ADCAE-0D80-4CC5-8066-5D20C8E6A638} = {908F4687-A299-442C-98F6-BC0AFEEA5F70}
		{23A596E0-8B56-4E03-ADFA-FFBEDA78B5D1} = {908F4687-A299-442C-98F6-BC0AFEEA5F70}
		{E8BB3F1D-FFAF-4A3D-961C-F58F4857F736} = {908F4687-A299-442C-98F6-BC0AFEEA5F70}
		{DDEB2273-111E-48FA-BAD3-D48CAB6CFCC9} = {908F4687-A299-442C-98F6-BC0AFEEA5F70}
		{C322DE32-5B9C-48E2-A545-B00F43A2667C} = {908F4687-A299-442C-98F6-BC0AFEEA5F70}
		{9127565C-6510-4BC1-8784-B27EDE003313} = {908F4687-A299-442C-98F6-BC0AFEEA5F70}
		{540DF823-1799-4AB4-8A91-D7A9192587DA} = {908F4687-A299-442C-98F6-BC0AFEEA5F70}
		{70664988-8DAE-4269-976C-9765C2C30E47} = {908F4687-A299-442C-98F6-BC0AFEEA5F70}
		{6BD32C6F-D039-44F1-AB14-E201339C104D} = {908F4687-A299-442C-98F6-BC0AFEEA5F70}
		{E71E3785-440B-44E0-AE1B-507724419D8B} = {908F4687-A299-442C-98F6-BC0AFEEA5F70}
		{6370D819-C441-4181-AE95-2C534C4A4C38} = {908F4687-A299-442C-98F6-BC0AFEEA5F70}
		{3D14F1E5-DA8D-48A6-A56E-E1FA24CB0F89} = {908F4687-A299-442C-98F6-BC0AFEEA5F70}
		{BCDD4DD0-1907-45DF-B505-875E448F18E7} = {908F4687-A299-442C-98F6-BC0AFEEA5F70}
		{6EDDBAB8-056B-4189-87BD-F3F2E33AB421} = {908F4687-A299-442C-98F6-BC0AFEEA5F70}
		{62DF592F-52FA-4354-97F2-230035D1B965} = {908F4687-A299-442C-98F6-BC0AFEEA5F70}
		{FC1A85B2-26B0-4954-A9D4-F30F41740DA1} = {908F4687-A299-442C-98F6-BC0AFEEA5F70}
		{4FE29116-061D-4C47-8901-82D7FDF82FDD} = {908F4687-A299-442C-98F6-BC0AFEEA5F70}
		{37D9AC6A-CA66-4EAB-BA6B-0BA4C7E9996C} = {908F4687-A299-442C-98F6-BC0AFEEA5F70}
		{04B9D6AF-CD61-4CA2-AD2D-B076F22C942A} = {908F4687-A299-442C-98F6-BC0AFEEA5F70}
		{E098EBE3-7CE0-4F6E-8CA3-7518133CF241} = {908F4687-A299-442C-98F6-BC0AFEEA5F70}
		{4C2B9A6A-FEFC-40D0-A025-B915115769B2} = {908F4687-A299-442C-98F6-BC0AFEEA5F70}
		{9C4349B1-9657-4DA9-B60E-2DAE00FB9F0D} = {908F4687-A299-442C-98F6-BC0AFEEA5F70}
		{D8F24A4A-CBB1-4645-82B7-318521209A8C} = {908F4687-A299-442C-98F6-BC0AFEEA5F70}
		{9C2F1CD4-8595-415A-98E4-56207DC5B8E7} = {908F4687-A299-442C-98F6-BC0AFEEA5F70}
		{18A3C14C-B66D-40EB-A1E5-219ACC197B24} = {908F4687-A299-442C-98F6-BC0AFEEA5F70}
		{98856CEB-B0C9-4B63-B02E-8A0E1B31CB60} = {908F4687-A299-442C-98F6-BC0AFEEA5F70}
		{3C395B04-6D3C-41C3-9B6C-184A086089E5} = {908F4687-A299-442C-98F6-BC0AFEEA5F70}
		{955CA7B3-7C61-436D-AD9E-DAACED959B2C} = {908F4687-A299-442C-98F6-BC0AFEEA5F70}
		{208B35EF-0DCD-430F-81D6-91F56E0543EC} = {908F4687-A299-442C-98F6-BC0AFEEA5F70}
		{37647DF8-FFA9-4DD8-91E0-CE14C24C4F21} = {908F4687-A299-442C-98F6-BC0AFEEA5F70}
		{E7DACABA-E568-47A0-95BC-AB3B43ADC2EF} = {908F4687-A299-442C-98F6-BC0AFEEA5F70}
		{0DE9C6EC-64A8-43D2-B67E-1D7E5293F59E} = {908F4687-A299-442C-98F6-BC0AFEEA5F70}
		{D59AFE18-87AC-4122-9228-DCAF777767A3} = {908F4687-A299-442C-98F6-BC0AFEEA5F70}
		{2CED9244-1305-46BD-9CB4-E4238CDF541F} = {908F4687-A299-442C-98F6-BC0AFEEA5F70}
		{B4AC45F5-5AB9-4FA5-815B-05B69C9CECCB} = {908F4687-A299-442C-98F6-BC0AFEEA5F70}
		{B9345A72-2107-487C-B4D7-0C47CA1C871F} = {908F4687-A299-442C-98F6-BC0AFEEA5F70}
		{DCEE61BC-EB86-4318-B1FB-33B11A605FD9} = {908F4687-A299-442C-98F6-BC0AFEEA5F70}
		{1EE1A4E4-E0BF-4393-BDBB-158C8E4E8124} = {908F4687-A299-442C-98F6-BC0AFEEA5F70}
		{FFFAEC96-145B-4F6B-9909-FE25C1513FF3} = {908F4687-A299-442C-98F6-BC0AFEEA5F70}
		{42670943-4290-4F33-83A9-60BDD74CB55C} = {908F4687-A299-442C-98F6-BC0AFEEA5F70}
		{03797D06-4086-4E4C-A623-E36496CFA168} = {908F4687-A299-442C-98F6-BC0AFEEA5F70}
		{FC63B83B-78F8-4B64-993A-257E76EFF29C} = {908F4687-A299-442C-98F6-BC0AFEEA5F70}
		{2406CFE6-745E-40B9-B286-563E6949ABE6} = {908F4687-A299-442C-98F6-BC0AFEEA5F70}
		{43F60740-91AC-42F7-8E4D-78DE2CCA8F89} = {214F8F95-8028-4376-8C0F-FFEB2AB0F5E9}
		{E1FC6CE1-1745-42E5-98B1-D67782781DED} = {214F8F95-8028-4376-8C0F-FFEB2AB0F5E9}
		{2B009DA8-30B2-4DFD-B5A5-B79D64F53EA5} = {214F8F95-8028-4376-8C0F-FFEB2AB0F5E9}
		{ADD24BDB-F343-4FB7-81AE-EE1A30B451BF} = {214F8F95-8028-4376-8C0F-FFEB2AB0F5E9}
	EndGlobalSection
EndGlobal
